// !$*UTF8*$!
{
	archiveVersion = 1;
	classes = {
	};
	objectVersion = 46;
	objects = {

/* Begin PBXBuildFile section */
		AB62A53D199CD1C50084B20F /* Foundation.framework in Frameworks */ = {isa = PBXBuildFile; fileRef = AB62A53C199CD1C50084B20F /* Foundation.framework */; };
		AB62A53F199CD1C50084B20F /* CoreGraphics.framework in Frameworks */ = {isa = PBXBuildFile; fileRef = AB62A53E199CD1C50084B20F /* CoreGraphics.framework */; };
		AB62A541199CD1C50084B20F /* UIKit.framework in Frameworks */ = {isa = PBXBuildFile; fileRef = AB62A540199CD1C50084B20F /* UIKit.framework */; };
		AB62A547199CD1C50084B20F /* InfoPlist.strings in Resources */ = {isa = PBXBuildFile; fileRef = AB62A545199CD1C50084B20F /* InfoPlist.strings */; };
		AB62A549199CD1C50084B20F /* main.m in Sources */ = {isa = PBXBuildFile; fileRef = AB62A548199CD1C50084B20F /* main.m */; };
		AB62A54D199CD1C50084B20F /* AppDelegate.m in Sources */ = {isa = PBXBuildFile; fileRef = AB62A54C199CD1C50084B20F /* AppDelegate.m */; };
		AB62A550199CD1C50084B20F /* Main.storyboard in Resources */ = {isa = PBXBuildFile; fileRef = AB62A54E199CD1C50084B20F /* Main.storyboard */; };
		AB62A555199CD1C50084B20F /* Images.xcassets in Resources */ = {isa = PBXBuildFile; fileRef = AB62A554199CD1C50084B20F /* Images.xcassets */; };
		AB62A55C199CD1C50084B20F /* XCTest.framework in Frameworks */ = {isa = PBXBuildFile; fileRef = AB62A55B199CD1C50084B20F /* XCTest.framework */; };
		AB62A55D199CD1C50084B20F /* Foundation.framework in Frameworks */ = {isa = PBXBuildFile; fileRef = AB62A53C199CD1C50084B20F /* Foundation.framework */; };
		AB62A55E199CD1C50084B20F /* UIKit.framework in Frameworks */ = {isa = PBXBuildFile; fileRef = AB62A540199CD1C50084B20F /* UIKit.framework */; };
		AB62A566199CD1C50084B20F /* InfoPlist.strings in Resources */ = {isa = PBXBuildFile; fileRef = AB62A564199CD1C50084B20F /* InfoPlist.strings */; };
		AB62A568199CD1C50084B20F /* RideMeHomeTests.m in Sources */ = {isa = PBXBuildFile; fileRef = AB62A567199CD1C50084B20F /* RideMeHomeTests.m */; };
		ABB672C119B60940003D0CBE /* defaultPerson.png in Resources */ = {isa = PBXBuildFile; fileRef = ABB672C019B60940003D0CBE /* defaultPerson.png */; };
		ABB672C519B610BF003D0CBE /* LeftTableViewCell.m in Sources */ = {isa = PBXBuildFile; fileRef = ABB672C319B610BF003D0CBE /* LeftTableViewCell.m */; };
		ABB672C619B610BF003D0CBE /* LeftTableViewCell.xib in Resources */ = {isa = PBXBuildFile; fileRef = ABB672C419B610BF003D0CBE /* LeftTableViewCell.xib */; };
		ABB672CB19B6192F003D0CBE /* h_line_b.png in Resources */ = {isa = PBXBuildFile; fileRef = ABB672C719B6192F003D0CBE /* h_line_b.png */; };
		ABB672CC19B6192F003D0CBE /* h_line_b@2x.png in Resources */ = {isa = PBXBuildFile; fileRef = ABB672C819B6192F003D0CBE /* h_line_b@2x.png */; };
		ABB672CD19B6192F003D0CBE /* ic_drawer.png in Resources */ = {isa = PBXBuildFile; fileRef = ABB672C919B6192F003D0CBE /* ic_drawer.png */; };
		ABB672CE19B6192F003D0CBE /* ic_drawer@2x.png in Resources */ = {isa = PBXBuildFile; fileRef = ABB672CA19B6192F003D0CBE /* ic_drawer@2x.png */; };
		ABC2ED97199E3C6200AD3EE2 /* RideMeHomeController.m in Sources */ = {isa = PBXBuildFile; fileRef = ABC2ED95199E3C6200AD3EE2 /* RideMeHomeController.m */; };
		ABC2ED98199E3C6200AD3EE2 /* RideMeHomeController.xib in Resources */ = {isa = PBXBuildFile; fileRef = ABC2ED96199E3C6200AD3EE2 /* RideMeHomeController.xib */; };
		ABC2ED9D199E501800AD3EE2 /* SignUpViewController.m in Sources */ = {isa = PBXBuildFile; fileRef = ABC2ED9B199E501800AD3EE2 /* SignUpViewController.m */; };
		ABC2ED9E199E501800AD3EE2 /* SignUpViewController.xib in Resources */ = {isa = PBXBuildFile; fileRef = ABC2ED9C199E501800AD3EE2 /* SignUpViewController.xib */; };
		ABC2EDA2199E515300AD3EE2 /* SignUpScreen.m in Sources */ = {isa = PBXBuildFile; fileRef = ABC2EDA0199E515300AD3EE2 /* SignUpScreen.m */; };
		ABC2EDA3199E515300AD3EE2 /* SignUpScreen.xib in Resources */ = {isa = PBXBuildFile; fileRef = ABC2EDA1199E515300AD3EE2 /* SignUpScreen.xib */; };
		ABC2EDB1199EE85000AD3EE2 /* Utilities.m in Sources */ = {isa = PBXBuildFile; fileRef = ABC2EDB0199EE85000AD3EE2 /* Utilities.m */; };
		ABC2EDB9199EE9AE00AD3EE2 /* AddLocationScreen.m in Sources */ = {isa = PBXBuildFile; fileRef = ABC2EDB7199EE9AE00AD3EE2 /* AddLocationScreen.m */; };
		ABC2EDBA199EE9AE00AD3EE2 /* AddLocationScreen.xib in Resources */ = {isa = PBXBuildFile; fileRef = ABC2EDB8199EE9AE00AD3EE2 /* AddLocationScreen.xib */; };
		ABC2EDBE199EEF1F00AD3EE2 /* geocoders.m in Sources */ = {isa = PBXBuildFile; fileRef = ABC2EDBD199EEF1F00AD3EE2 /* geocoders.m */; };
		ABC2EDC2199F4B4500AD3EE2 /* libstdc++.dylib in Frameworks */ = {isa = PBXBuildFile; fileRef = ABC2EDC1199F4B4500AD3EE2 /* libstdc++.dylib */; };
		ABC2EDC4199F4B6E00AD3EE2 /* libstdc++.6.dylib in Frameworks */ = {isa = PBXBuildFile; fileRef = ABC2EDC3199F4B6E00AD3EE2 /* libstdc++.6.dylib */; };
		ABC2EDC6199F4EC500AD3EE2 /* libz.dylib in Frameworks */ = {isa = PBXBuildFile; fileRef = ABC2EDC5199F4EC500AD3EE2 /* libz.dylib */; };
		ABC2EDC8199F4EEC00AD3EE2 /* libicucore.dylib in Frameworks */ = {isa = PBXBuildFile; fileRef = ABC2EDC7199F4EEB00AD3EE2 /* libicucore.dylib */; };
		ABC2EDCA199F4EFE00AD3EE2 /* libobjc.dylib in Frameworks */ = {isa = PBXBuildFile; fileRef = ABC2EDC9199F4EFE00AD3EE2 /* libobjc.dylib */; };
		ABC2EDCE199F4FC500AD3EE2 /* CoreLocation.framework in Frameworks */ = {isa = PBXBuildFile; fileRef = ABC2EDCD199F4FC500AD3EE2 /* CoreLocation.framework */; };
		ABC2EDD0199F4FEF00AD3EE2 /* AVFoundation.framework in Frameworks */ = {isa = PBXBuildFile; fileRef = ABC2EDCF199F4FEF00AD3EE2 /* AVFoundation.framework */; };
		ABC2EDD2199F4FF700AD3EE2 /* CoreData.framework in Frameworks */ = {isa = PBXBuildFile; fileRef = ABC2EDD1199F4FF700AD3EE2 /* CoreData.framework */; };
		ABC2EDD4199F500400AD3EE2 /* CoreFoundation.framework in Frameworks */ = {isa = PBXBuildFile; fileRef = ABC2EDD3199F500400AD3EE2 /* CoreFoundation.framework */; };
		ABC2EDD6199F504900AD3EE2 /* CoreText.framework in Frameworks */ = {isa = PBXBuildFile; fileRef = ABC2EDD5199F504900AD3EE2 /* CoreText.framework */; };
		ABC2EDD8199F505B00AD3EE2 /* GLKit.framework in Frameworks */ = {isa = PBXBuildFile; fileRef = ABC2EDD7199F505B00AD3EE2 /* GLKit.framework */; };
		ABC2EDDA199F506100AD3EE2 /* ImageIO.framework in Frameworks */ = {isa = PBXBuildFile; fileRef = ABC2EDD9199F506100AD3EE2 /* ImageIO.framework */; };
		ABC2EDDC199F506B00AD3EE2 /* OpenGLES.framework in Frameworks */ = {isa = PBXBuildFile; fileRef = ABC2EDDB199F506B00AD3EE2 /* OpenGLES.framework */; };
		ABC2EDDE199F507700AD3EE2 /* QuartzCore.framework in Frameworks */ = {isa = PBXBuildFile; fileRef = ABC2EDDD199F507700AD3EE2 /* QuartzCore.framework */; };
		ABC2EDE0199F50F900AD3EE2 /* SystemConfiguration.framework in Frameworks */ = {isa = PBXBuildFile; fileRef = ABC2EDDF199F50F900AD3EE2 /* SystemConfiguration.framework */; };
		ABC2EDE6199F52CE00AD3EE2 /* GoogleMaps.framework in Frameworks */ = {isa = PBXBuildFile; fileRef = ABC2EDE5199F52CE00AD3EE2 /* GoogleMaps.framework */; };
		ABC2EDE8199F53B300AD3EE2 /* GoogleMaps.bundle in Resources */ = {isa = PBXBuildFile; fileRef = ABC2EDE7199F53B300AD3EE2 /* GoogleMaps.bundle */; };
		ABC2EDEC199FA5B700AD3EE2 /* MyLocationScreenViewController.m in Sources */ = {isa = PBXBuildFile; fileRef = ABC2EDEA199FA5B700AD3EE2 /* MyLocationScreenViewController.m */; };
		ABC2EDED199FA5B700AD3EE2 /* MyLocationScreenViewController.xib in Resources */ = {isa = PBXBuildFile; fileRef = ABC2EDEB199FA5B700AD3EE2 /* MyLocationScreenViewController.xib */; };
		ABC2EDF1199FBA5A00AD3EE2 /* CarPoolViewController.m in Sources */ = {isa = PBXBuildFile; fileRef = ABC2EDEF199FBA5A00AD3EE2 /* CarPoolViewController.m */; };
		ABC2EDF2199FBA5A00AD3EE2 /* CarPoolViewController.xib in Resources */ = {isa = PBXBuildFile; fileRef = ABC2EDF0199FBA5A00AD3EE2 /* CarPoolViewController.xib */; };
		ABC2EDFB19A04CC100AD3EE2 /* MoreDetailsScreen.m in Sources */ = {isa = PBXBuildFile; fileRef = ABC2EDF919A04CC100AD3EE2 /* MoreDetailsScreen.m */; };
		ABC2EDFC19A04CC100AD3EE2 /* MoreDetailsScreen.xib in Resources */ = {isa = PBXBuildFile; fileRef = ABC2EDFA19A04CC100AD3EE2 /* MoreDetailsScreen.xib */; };
		ABC2EDFF19A04F9F00AD3EE2 /* userDataObj.m in Sources */ = {isa = PBXBuildFile; fileRef = ABC2EDFE19A04F9F00AD3EE2 /* userDataObj.m */; };
		ABC2EE0319A0AD6C00AD3EE2 /* findacarScreenViewController.m in Sources */ = {isa = PBXBuildFile; fileRef = ABC2EE0119A0AD6C00AD3EE2 /* findacarScreenViewController.m */; };
		ABC2EE0419A0AD6C00AD3EE2 /* findacarScreenViewController.xib in Resources */ = {isa = PBXBuildFile; fileRef = ABC2EE0219A0AD6C00AD3EE2 /* findacarScreenViewController.xib */; };
		ABE3312319A1CEAB00822694 /* CarSelectionScreen.m in Sources */ = {isa = PBXBuildFile; fileRef = ABE3312119A1CEAB00822694 /* CarSelectionScreen.m */; };
		ABE3312419A1CEAB00822694 /* CarSelectionScreen.xib in Resources */ = {isa = PBXBuildFile; fileRef = ABE3312219A1CEAB00822694 /* CarSelectionScreen.xib */; };
		ABE3312819A1D35500822694 /* MyRequestsScreen.m in Sources */ = {isa = PBXBuildFile; fileRef = ABE3312619A1D35500822694 /* MyRequestsScreen.m */; };
		ABE3312919A1D35500822694 /* MyRequestsScreen.xib in Resources */ = {isa = PBXBuildFile; fileRef = ABE3312719A1D35500822694 /* MyRequestsScreen.xib */; };
		ABE3312D19A1D3C800822694 /* RequestCell.m in Sources */ = {isa = PBXBuildFile; fileRef = ABE3312B19A1D3C800822694 /* RequestCell.m */; };
		ABE3312E19A1D3C800822694 /* RequestCell.xib in Resources */ = {isa = PBXBuildFile; fileRef = ABE3312C19A1D3C800822694 /* RequestCell.xib */; };
		ABE3313219A1DD1800822694 /* LoginViewController.m in Sources */ = {isa = PBXBuildFile; fileRef = ABE3313019A1DD1800822694 /* LoginViewController.m */; };
		ABE3313319A1DD1800822694 /* LoginViewController.xib in Resources */ = {isa = PBXBuildFile; fileRef = ABE3313119A1DD1800822694 /* LoginViewController.xib */; };
		ABE3314819A1DD5F00822694 /* AFHTTPRequestOperation.m in Sources */ = {isa = PBXBuildFile; fileRef = ABE3313619A1DD5E00822694 /* AFHTTPRequestOperation.m */; };
		ABE3314919A1DD5F00822694 /* AFHTTPRequestOperationManager.m in Sources */ = {isa = PBXBuildFile; fileRef = ABE3313819A1DD5E00822694 /* AFHTTPRequestOperationManager.m */; };
		ABE3314A19A1DD5F00822694 /* AFHTTPSessionManager.m in Sources */ = {isa = PBXBuildFile; fileRef = ABE3313A19A1DD5E00822694 /* AFHTTPSessionManager.m */; };
		ABE3314B19A1DD5F00822694 /* AFNetworkReachabilityManager.m in Sources */ = {isa = PBXBuildFile; fileRef = ABE3313D19A1DD5E00822694 /* AFNetworkReachabilityManager.m */; };
		ABE3314C19A1DD5F00822694 /* AFSecurityPolicy.m in Sources */ = {isa = PBXBuildFile; fileRef = ABE3313F19A1DD5E00822694 /* AFSecurityPolicy.m */; };
		ABE3314D19A1DD5F00822694 /* AFURLConnectionOperation.m in Sources */ = {isa = PBXBuildFile; fileRef = ABE3314119A1DD5E00822694 /* AFURLConnectionOperation.m */; };
		ABE3314E19A1DD5F00822694 /* AFURLRequestSerialization.m in Sources */ = {isa = PBXBuildFile; fileRef = ABE3314319A1DD5F00822694 /* AFURLRequestSerialization.m */; };
		ABE3314F19A1DD5F00822694 /* AFURLResponseSerialization.m in Sources */ = {isa = PBXBuildFile; fileRef = ABE3314519A1DD5F00822694 /* AFURLResponseSerialization.m */; };
		ABE3315019A1DD5F00822694 /* AFURLSessionManager.m in Sources */ = {isa = PBXBuildFile; fileRef = ABE3314719A1DD5F00822694 /* AFURLSessionManager.m */; };
		ABE3315819A1DD8200822694 /* NetworkController.m in Sources */ = {isa = PBXBuildFile; fileRef = ABE3315219A1DD8200822694 /* NetworkController.m */; };
		ABE3315919A1DD8200822694 /* Request.m in Sources */ = {isa = PBXBuildFile; fileRef = ABE3315519A1DD8200822694 /* Request.m */; };
		ABE3315A19A1DD8200822694 /* Response.m in Sources */ = {isa = PBXBuildFile; fileRef = ABE3315719A1DD8200822694 /* Response.m */; };
		ABE3318919A21F6D00822694 /* GTLAssociateendpointAssociate.m in Sources */ = {isa = PBXBuildFile; fileRef = ABE3315E19A21F6D00822694 /* GTLAssociateendpointAssociate.m */; };
		ABE3318A19A21F6D00822694 /* GTLAssociateendpointCollectionResponseAssociate.m in Sources */ = {isa = PBXBuildFile; fileRef = ABE3316019A21F6D00822694 /* GTLAssociateendpointCollectionResponseAssociate.m */; };
		ABE3318B19A21F6D00822694 /* GTLAssociateendpointConstants.m in Sources */ = {isa = PBXBuildFile; fileRef = ABE3316219A21F6D00822694 /* GTLAssociateendpointConstants.m */; };
		ABE3318C19A21F6D00822694 /* GTLBatchQuery.m in Sources */ = {isa = PBXBuildFile; fileRef = ABE3316419A21F6D00822694 /* GTLBatchQuery.m */; settings = {COMPILER_FLAGS = "-fno-objc-arc"; }; };
		ABE3318D19A21F6D00822694 /* GTLBatchResult.m in Sources */ = {isa = PBXBuildFile; fileRef = ABE3316619A21F6D00822694 /* GTLBatchResult.m */; settings = {COMPILER_FLAGS = "-fno-objc-arc"; }; };
		ABE3318E19A21F6D00822694 /* GTLDateTime.m in Sources */ = {isa = PBXBuildFile; fileRef = ABE3316819A21F6D00822694 /* GTLDateTime.m */; settings = {COMPILER_FLAGS = "-fno-objc-arc"; }; };
		ABE3318F19A21F6D00822694 /* GTLErrorObject.m in Sources */ = {isa = PBXBuildFile; fileRef = ABE3316B19A21F6D00822694 /* GTLErrorObject.m */; settings = {COMPILER_FLAGS = "-fno-objc-arc"; }; };
		ABE3319019A21F6D00822694 /* GTLFramework.m in Sources */ = {isa = PBXBuildFile; fileRef = ABE3316D19A21F6D00822694 /* GTLFramework.m */; settings = {COMPILER_FLAGS = "-fno-objc-arc"; }; };
		ABE3319119A21F6D00822694 /* GTLJSONParser.m in Sources */ = {isa = PBXBuildFile; fileRef = ABE3316F19A21F6D00822694 /* GTLJSONParser.m */; settings = {COMPILER_FLAGS = "-fno-objc-arc"; }; };
		ABE3319219A21F6D00822694 /* GTLObject.m in Sources */ = {isa = PBXBuildFile; fileRef = ABE3317119A21F6D00822694 /* GTLObject.m */; settings = {COMPILER_FLAGS = "-fno-objc-arc"; }; };
		ABE3319319A21F6D00822694 /* GTLQuery.m in Sources */ = {isa = PBXBuildFile; fileRef = ABE3317319A21F6D00822694 /* GTLQuery.m */; settings = {COMPILER_FLAGS = "-fno-objc-arc"; }; };
		ABE3319419A21F6D00822694 /* GTLQueryAssociateendpoint.m in Sources */ = {isa = PBXBuildFile; fileRef = ABE3317519A21F6D00822694 /* GTLQueryAssociateendpoint.m */; };
		ABE3319519A21F6D00822694 /* GTLRuntimeCommon.m in Sources */ = {isa = PBXBuildFile; fileRef = ABE3317719A21F6D00822694 /* GTLRuntimeCommon.m */; settings = {COMPILER_FLAGS = "-fno-objc-arc"; }; };
		ABE3319619A21F6D00822694 /* GTLService.m in Sources */ = {isa = PBXBuildFile; fileRef = ABE3317919A21F6D00822694 /* GTLService.m */; settings = {COMPILER_FLAGS = "-fno-objc-arc"; }; };
		ABE3319719A21F6D00822694 /* GTLServiceAssociateendpoint.m in Sources */ = {isa = PBXBuildFile; fileRef = ABE3317B19A21F6D00822694 /* GTLServiceAssociateendpoint.m */; };
		ABE3319819A21F6D00822694 /* GTLUploadParameters.m in Sources */ = {isa = PBXBuildFile; fileRef = ABE3317E19A21F6D00822694 /* GTLUploadParameters.m */; settings = {COMPILER_FLAGS = "-fno-objc-arc"; }; };
		ABE3319919A21F6D00822694 /* GTLUtilities.m in Sources */ = {isa = PBXBuildFile; fileRef = ABE3318019A21F6D00822694 /* GTLUtilities.m */; settings = {COMPILER_FLAGS = "-fno-objc-arc"; }; };
		ABE3319A19A21F6D00822694 /* GTMHTTPFetcher.m in Sources */ = {isa = PBXBuildFile; fileRef = ABE3318219A21F6D00822694 /* GTMHTTPFetcher.m */; settings = {COMPILER_FLAGS = "-fno-objc-arc"; }; };
		ABE3319B19A21F6D00822694 /* GTMHTTPFetcherLogging.m in Sources */ = {isa = PBXBuildFile; fileRef = ABE3318419A21F6D00822694 /* GTMHTTPFetcherLogging.m */; settings = {COMPILER_FLAGS = "-fno-objc-arc"; }; };
		ABE3319C19A21F6D00822694 /* GTMHTTPFetcherService.m in Sources */ = {isa = PBXBuildFile; fileRef = ABE3318619A21F6D00822694 /* GTMHTTPFetcherService.m */; settings = {COMPILER_FLAGS = "-fno-objc-arc"; }; };
		ABE3319D19A21F6D00822694 /* GTMHTTPFetchHistory.m in Sources */ = {isa = PBXBuildFile; fileRef = ABE3318819A21F6D00822694 /* GTMHTTPFetchHistory.m */; settings = {COMPILER_FLAGS = "-fno-objc-arc"; }; };
		ABE331A219A24E4300822694 /* bg3.jpg in Resources */ = {isa = PBXBuildFile; fileRef = ABE3319F19A24E4300822694 /* bg3.jpg */; };
		ABE331A319A24E4300822694 /* bg4.png in Resources */ = {isa = PBXBuildFile; fileRef = ABE331A019A24E4300822694 /* bg4.png */; };
		ABE331A419A24E4300822694 /* img1.jpg in Resources */ = {isa = PBXBuildFile; fileRef = ABE331A119A24E4300822694 /* img1.jpg */; };
		ABE331A619A26C3200822694 /* cerner-office.jpg in Resources */ = {isa = PBXBuildFile; fileRef = ABE331A519A26C3200822694 /* cerner-office.jpg */; };
		ABE331B819A27E4000822694 /* GTLLocationendpointCollectionResponseLocation.m in Sources */ = {isa = PBXBuildFile; fileRef = ABE331AB19A27E4000822694 /* GTLLocationendpointCollectionResponseLocation.m */; };
		ABE331B919A27E4000822694 /* GTLLocationendpointConstants.m in Sources */ = {isa = PBXBuildFile; fileRef = ABE331AD19A27E4000822694 /* GTLLocationendpointConstants.m */; };
		ABE331BA19A27E4000822694 /* GTLLocationendpointLocation.m in Sources */ = {isa = PBXBuildFile; fileRef = ABE331AF19A27E4000822694 /* GTLLocationendpointLocation.m */; };
		ABE331BB19A27E4000822694 /* GTLLocationendpointLocationCollection.m in Sources */ = {isa = PBXBuildFile; fileRef = ABE331B119A27E4000822694 /* GTLLocationendpointLocationCollection.m */; };
		ABE331BC19A27E4000822694 /* GTLQueryLocationendpoint.m in Sources */ = {isa = PBXBuildFile; fileRef = ABE331B319A27E4000822694 /* GTLQueryLocationendpoint.m */; };
		ABE331BD19A27E4000822694 /* GTLServiceLocationendpoint.m in Sources */ = {isa = PBXBuildFile; fileRef = ABE331B519A27E4000822694 /* GTLServiceLocationendpoint.m */; };
		ABE331CE19A2919A00822694 /* GTLCarpoolendpointCarPool.m in Sources */ = {isa = PBXBuildFile; fileRef = ABE331C219A2919900822694 /* GTLCarpoolendpointCarPool.m */; };
		ABE331CF19A2919A00822694 /* GTLCarpoolendpointCarPoolCollection.m in Sources */ = {isa = PBXBuildFile; fileRef = ABE331C419A2919900822694 /* GTLCarpoolendpointCarPoolCollection.m */; };
		ABE331D019A2919A00822694 /* GTLCarpoolendpointCollectionResponseCarPool.m in Sources */ = {isa = PBXBuildFile; fileRef = ABE331C619A2919900822694 /* GTLCarpoolendpointCollectionResponseCarPool.m */; };
		ABE331D119A2919A00822694 /* GTLCarpoolendpointConstants.m in Sources */ = {isa = PBXBuildFile; fileRef = ABE331C819A2919900822694 /* GTLCarpoolendpointConstants.m */; };
		ABE331D319A2919A00822694 /* GTLQueryCarpoolendpoint.m in Sources */ = {isa = PBXBuildFile; fileRef = ABE331CB19A2919900822694 /* GTLQueryCarpoolendpoint.m */; };
		ABE331D419A2919A00822694 /* GTLServiceCarpoolendpoint.m in Sources */ = {isa = PBXBuildFile; fileRef = ABE331CD19A2919A00822694 /* GTLServiceCarpoolendpoint.m */; };
		ABE331E419A31C5400822694 /* GTLPassengerendpointCollectionResponsePassenger.m in Sources */ = {isa = PBXBuildFile; fileRef = ABE331D819A31C5400822694 /* GTLPassengerendpointCollectionResponsePassenger.m */; };
		ABE331E519A31C5400822694 /* GTLPassengerendpointConstants.m in Sources */ = {isa = PBXBuildFile; fileRef = ABE331DA19A31C5400822694 /* GTLPassengerendpointConstants.m */; };
		ABE331E619A31C5400822694 /* GTLPassengerendpointPassenger.m in Sources */ = {isa = PBXBuildFile; fileRef = ABE331DC19A31C5400822694 /* GTLPassengerendpointPassenger.m */; };
		ABE331E719A31C5400822694 /* GTLPassengerendpointPassengerCollection.m in Sources */ = {isa = PBXBuildFile; fileRef = ABE331DE19A31C5400822694 /* GTLPassengerendpointPassengerCollection.m */; };
		ABE331E819A31C5400822694 /* GTLQueryPassengerendpoint.m in Sources */ = {isa = PBXBuildFile; fileRef = ABE331E019A31C5400822694 /* GTLQueryPassengerendpoint.m */; };
		ABE331E919A31C5400822694 /* GTLServicePassengerendpoint.m in Sources */ = {isa = PBXBuildFile; fileRef = ABE331E219A31C5400822694 /* GTLServicePassengerendpoint.m */; };
		ABE331ED19A350D300822694 /* PassengerRideRequestScreenViewController.m in Sources */ = {isa = PBXBuildFile; fileRef = ABE331EB19A350D300822694 /* PassengerRideRequestScreenViewController.m */; };
		ABE331EE19A350D300822694 /* PassengerRideRequestScreenViewController.xib in Resources */ = {isa = PBXBuildFile; fileRef = ABE331EC19A350D300822694 /* PassengerRideRequestScreenViewController.xib */; };
		ABE331F219A351E200822694 /* passengerCell.m in Sources */ = {isa = PBXBuildFile; fileRef = ABE331F019A351E200822694 /* passengerCell.m */; };
		ABE331F319A351E200822694 /* passengerCell.xib in Resources */ = {isa = PBXBuildFile; fileRef = ABE331F119A351E200822694 /* passengerCell.xib */; };
/* End PBXBuildFile section */

/* Begin PBXContainerItemProxy section */
		AB62A55F199CD1C50084B20F /* PBXContainerItemProxy */ = {
			isa = PBXContainerItemProxy;
			containerPortal = AB62A531199CD1C50084B20F /* Project object */;
			proxyType = 1;
			remoteGlobalIDString = AB62A538199CD1C50084B20F;
			remoteInfo = RideMeHome;
		};
/* End PBXContainerItemProxy section */

/* Begin PBXFileReference section */
		AB62A539199CD1C50084B20F /* RideMeHome.app */ = {isa = PBXFileReference; explicitFileType = wrapper.application; includeInIndex = 0; path = RideMeHome.app; sourceTree = BUILT_PRODUCTS_DIR; };
		AB62A53C199CD1C50084B20F /* Foundation.framework */ = {isa = PBXFileReference; lastKnownFileType = wrapper.framework; name = Foundation.framework; path = System/Library/Frameworks/Foundation.framework; sourceTree = SDKROOT; };
		AB62A53E199CD1C50084B20F /* CoreGraphics.framework */ = {isa = PBXFileReference; lastKnownFileType = wrapper.framework; name = CoreGraphics.framework; path = System/Library/Frameworks/CoreGraphics.framework; sourceTree = SDKROOT; };
		AB62A540199CD1C50084B20F /* UIKit.framework */ = {isa = PBXFileReference; lastKnownFileType = wrapper.framework; name = UIKit.framework; path = System/Library/Frameworks/UIKit.framework; sourceTree = SDKROOT; };
		AB62A544199CD1C50084B20F /* RideMeHome-Info.plist */ = {isa = PBXFileReference; lastKnownFileType = text.plist.xml; path = "RideMeHome-Info.plist"; sourceTree = "<group>"; };
		AB62A546199CD1C50084B20F /* en */ = {isa = PBXFileReference; lastKnownFileType = text.plist.strings; name = en; path = en.lproj/InfoPlist.strings; sourceTree = "<group>"; };
		AB62A548199CD1C50084B20F /* main.m */ = {isa = PBXFileReference; lastKnownFileType = sourcecode.c.objc; path = main.m; sourceTree = "<group>"; };
		AB62A54A199CD1C50084B20F /* RideMeHome-Prefix.pch */ = {isa = PBXFileReference; lastKnownFileType = sourcecode.c.h; path = "RideMeHome-Prefix.pch"; sourceTree = "<group>"; };
		AB62A54B199CD1C50084B20F /* AppDelegate.h */ = {isa = PBXFileReference; lastKnownFileType = sourcecode.c.h; path = AppDelegate.h; sourceTree = "<group>"; };
		AB62A54C199CD1C50084B20F /* AppDelegate.m */ = {isa = PBXFileReference; lastKnownFileType = sourcecode.c.objc; path = AppDelegate.m; sourceTree = "<group>"; };
		AB62A54F199CD1C50084B20F /* Base */ = {isa = PBXFileReference; lastKnownFileType = file.storyboard; name = Base; path = Base.lproj/Main.storyboard; sourceTree = "<group>"; };
		AB62A554199CD1C50084B20F /* Images.xcassets */ = {isa = PBXFileReference; lastKnownFileType = folder.assetcatalog; path = Images.xcassets; sourceTree = "<group>"; };
		AB62A55A199CD1C50084B20F /* RideMeHomeTests.xctest */ = {isa = PBXFileReference; explicitFileType = wrapper.cfbundle; includeInIndex = 0; path = RideMeHomeTests.xctest; sourceTree = BUILT_PRODUCTS_DIR; };
		AB62A55B199CD1C50084B20F /* XCTest.framework */ = {isa = PBXFileReference; lastKnownFileType = wrapper.framework; name = XCTest.framework; path = Library/Frameworks/XCTest.framework; sourceTree = DEVELOPER_DIR; };
		AB62A563199CD1C50084B20F /* RideMeHomeTests-Info.plist */ = {isa = PBXFileReference; lastKnownFileType = text.plist.xml; path = "RideMeHomeTests-Info.plist"; sourceTree = "<group>"; };
		AB62A565199CD1C50084B20F /* en */ = {isa = PBXFileReference; lastKnownFileType = text.plist.strings; name = en; path = en.lproj/InfoPlist.strings; sourceTree = "<group>"; };
		AB62A567199CD1C50084B20F /* RideMeHomeTests.m */ = {isa = PBXFileReference; lastKnownFileType = sourcecode.c.objc; path = RideMeHomeTests.m; sourceTree = "<group>"; };
		ABB672C019B60940003D0CBE /* defaultPerson.png */ = {isa = PBXFileReference; lastKnownFileType = image.png; path = defaultPerson.png; sourceTree = "<group>"; };
		ABB672C219B610BF003D0CBE /* LeftTableViewCell.h */ = {isa = PBXFileReference; fileEncoding = 4; lastKnownFileType = sourcecode.c.h; path = LeftTableViewCell.h; sourceTree = "<group>"; };
		ABB672C319B610BF003D0CBE /* LeftTableViewCell.m */ = {isa = PBXFileReference; fileEncoding = 4; lastKnownFileType = sourcecode.c.objc; path = LeftTableViewCell.m; sourceTree = "<group>"; };
		ABB672C419B610BF003D0CBE /* LeftTableViewCell.xib */ = {isa = PBXFileReference; fileEncoding = 4; lastKnownFileType = file.xib; path = LeftTableViewCell.xib; sourceTree = "<group>"; };
		ABB672C719B6192F003D0CBE /* h_line_b.png */ = {isa = PBXFileReference; lastKnownFileType = image.png; path = h_line_b.png; sourceTree = "<group>"; };
		ABB672C819B6192F003D0CBE /* h_line_b@2x.png */ = {isa = PBXFileReference; lastKnownFileType = image.png; path = "h_line_b@2x.png"; sourceTree = "<group>"; };
		ABB672C919B6192F003D0CBE /* ic_drawer.png */ = {isa = PBXFileReference; lastKnownFileType = image.png; path = ic_drawer.png; sourceTree = "<group>"; };
		ABB672CA19B6192F003D0CBE /* ic_drawer@2x.png */ = {isa = PBXFileReference; lastKnownFileType = image.png; path = "ic_drawer@2x.png"; sourceTree = "<group>"; };
		ABC2ED94199E3C6200AD3EE2 /* RideMeHomeController.h */ = {isa = PBXFileReference; fileEncoding = 4; lastKnownFileType = sourcecode.c.h; path = RideMeHomeController.h; sourceTree = "<group>"; };
		ABC2ED95199E3C6200AD3EE2 /* RideMeHomeController.m */ = {isa = PBXFileReference; fileEncoding = 4; lastKnownFileType = sourcecode.c.objc; path = RideMeHomeController.m; sourceTree = "<group>"; };
		ABC2ED96199E3C6200AD3EE2 /* RideMeHomeController.xib */ = {isa = PBXFileReference; fileEncoding = 4; lastKnownFileType = file.xib; path = RideMeHomeController.xib; sourceTree = "<group>"; };
		ABC2ED9A199E501800AD3EE2 /* SignUpViewController.h */ = {isa = PBXFileReference; fileEncoding = 4; lastKnownFileType = sourcecode.c.h; path = SignUpViewController.h; sourceTree = "<group>"; };
		ABC2ED9B199E501800AD3EE2 /* SignUpViewController.m */ = {isa = PBXFileReference; fileEncoding = 4; lastKnownFileType = sourcecode.c.objc; path = SignUpViewController.m; sourceTree = "<group>"; };
		ABC2ED9C199E501800AD3EE2 /* SignUpViewController.xib */ = {isa = PBXFileReference; fileEncoding = 4; lastKnownFileType = file.xib; path = SignUpViewController.xib; sourceTree = "<group>"; };
		ABC2ED9F199E515300AD3EE2 /* SignUpScreen.h */ = {isa = PBXFileReference; fileEncoding = 4; lastKnownFileType = sourcecode.c.h; path = SignUpScreen.h; sourceTree = "<group>"; };
		ABC2EDA0199E515300AD3EE2 /* SignUpScreen.m */ = {isa = PBXFileReference; fileEncoding = 4; lastKnownFileType = sourcecode.c.objc; path = SignUpScreen.m; sourceTree = "<group>"; };
		ABC2EDA1199E515300AD3EE2 /* SignUpScreen.xib */ = {isa = PBXFileReference; fileEncoding = 4; lastKnownFileType = file.xib; path = SignUpScreen.xib; sourceTree = "<group>"; };
		ABC2EDAF199EE85000AD3EE2 /* Utilities.h */ = {isa = PBXFileReference; fileEncoding = 4; lastKnownFileType = sourcecode.c.h; path = Utilities.h; sourceTree = "<group>"; };
		ABC2EDB0199EE85000AD3EE2 /* Utilities.m */ = {isa = PBXFileReference; fileEncoding = 4; lastKnownFileType = sourcecode.c.objc; path = Utilities.m; sourceTree = "<group>"; };
		ABC2EDB2199EE87C00AD3EE2 /* appConstants.h */ = {isa = PBXFileReference; lastKnownFileType = sourcecode.c.h; path = appConstants.h; sourceTree = "<group>"; };
		ABC2EDB6199EE9AE00AD3EE2 /* AddLocationScreen.h */ = {isa = PBXFileReference; fileEncoding = 4; lastKnownFileType = sourcecode.c.h; path = AddLocationScreen.h; sourceTree = "<group>"; };
		ABC2EDB7199EE9AE00AD3EE2 /* AddLocationScreen.m */ = {isa = PBXFileReference; fileEncoding = 4; lastKnownFileType = sourcecode.c.objc; path = AddLocationScreen.m; sourceTree = "<group>"; };
		ABC2EDB8199EE9AE00AD3EE2 /* AddLocationScreen.xib */ = {isa = PBXFileReference; fileEncoding = 4; lastKnownFileType = file.xib; path = AddLocationScreen.xib; sourceTree = "<group>"; };
		ABC2EDBC199EEF1F00AD3EE2 /* geocoders.h */ = {isa = PBXFileReference; fileEncoding = 4; lastKnownFileType = sourcecode.c.h; path = geocoders.h; sourceTree = "<group>"; };
		ABC2EDBD199EEF1F00AD3EE2 /* geocoders.m */ = {isa = PBXFileReference; fileEncoding = 4; lastKnownFileType = sourcecode.c.objc; path = geocoders.m; sourceTree = "<group>"; };
		ABC2EDC1199F4B4500AD3EE2 /* libstdc++.dylib */ = {isa = PBXFileReference; lastKnownFileType = "compiled.mach-o.dylib"; name = "libstdc++.dylib"; path = "usr/lib/libstdc++.dylib"; sourceTree = SDKROOT; };
		ABC2EDC3199F4B6E00AD3EE2 /* libstdc++.6.dylib */ = {isa = PBXFileReference; lastKnownFileType = "compiled.mach-o.dylib"; name = "libstdc++.6.dylib"; path = "usr/lib/libstdc++.6.dylib"; sourceTree = SDKROOT; };
		ABC2EDC5199F4EC500AD3EE2 /* libz.dylib */ = {isa = PBXFileReference; lastKnownFileType = "compiled.mach-o.dylib"; name = libz.dylib; path = usr/lib/libz.dylib; sourceTree = SDKROOT; };
		ABC2EDC7199F4EEB00AD3EE2 /* libicucore.dylib */ = {isa = PBXFileReference; lastKnownFileType = "compiled.mach-o.dylib"; name = libicucore.dylib; path = usr/lib/libicucore.dylib; sourceTree = SDKROOT; };
		ABC2EDC9199F4EFE00AD3EE2 /* libobjc.dylib */ = {isa = PBXFileReference; lastKnownFileType = "compiled.mach-o.dylib"; name = libobjc.dylib; path = usr/lib/libobjc.dylib; sourceTree = SDKROOT; };
		ABC2EDCD199F4FC500AD3EE2 /* CoreLocation.framework */ = {isa = PBXFileReference; lastKnownFileType = wrapper.framework; name = CoreLocation.framework; path = System/Library/Frameworks/CoreLocation.framework; sourceTree = SDKROOT; };
		ABC2EDCF199F4FEF00AD3EE2 /* AVFoundation.framework */ = {isa = PBXFileReference; lastKnownFileType = wrapper.framework; name = AVFoundation.framework; path = System/Library/Frameworks/AVFoundation.framework; sourceTree = SDKROOT; };
		ABC2EDD1199F4FF700AD3EE2 /* CoreData.framework */ = {isa = PBXFileReference; lastKnownFileType = wrapper.framework; name = CoreData.framework; path = System/Library/Frameworks/CoreData.framework; sourceTree = SDKROOT; };
		ABC2EDD3199F500400AD3EE2 /* CoreFoundation.framework */ = {isa = PBXFileReference; lastKnownFileType = wrapper.framework; name = CoreFoundation.framework; path = System/Library/Frameworks/CoreFoundation.framework; sourceTree = SDKROOT; };
		ABC2EDD5199F504900AD3EE2 /* CoreText.framework */ = {isa = PBXFileReference; lastKnownFileType = wrapper.framework; name = CoreText.framework; path = System/Library/Frameworks/CoreText.framework; sourceTree = SDKROOT; };
		ABC2EDD7199F505B00AD3EE2 /* GLKit.framework */ = {isa = PBXFileReference; lastKnownFileType = wrapper.framework; name = GLKit.framework; path = System/Library/Frameworks/GLKit.framework; sourceTree = SDKROOT; };
		ABC2EDD9199F506100AD3EE2 /* ImageIO.framework */ = {isa = PBXFileReference; lastKnownFileType = wrapper.framework; name = ImageIO.framework; path = System/Library/Frameworks/ImageIO.framework; sourceTree = SDKROOT; };
		ABC2EDDB199F506B00AD3EE2 /* OpenGLES.framework */ = {isa = PBXFileReference; lastKnownFileType = wrapper.framework; name = OpenGLES.framework; path = System/Library/Frameworks/OpenGLES.framework; sourceTree = SDKROOT; };
		ABC2EDDD199F507700AD3EE2 /* QuartzCore.framework */ = {isa = PBXFileReference; lastKnownFileType = wrapper.framework; name = QuartzCore.framework; path = System/Library/Frameworks/QuartzCore.framework; sourceTree = SDKROOT; };
		ABC2EDDF199F50F900AD3EE2 /* SystemConfiguration.framework */ = {isa = PBXFileReference; lastKnownFileType = wrapper.framework; name = SystemConfiguration.framework; path = System/Library/Frameworks/SystemConfiguration.framework; sourceTree = SDKROOT; };
		ABC2EDE5199F52CE00AD3EE2 /* GoogleMaps.framework */ = {isa = PBXFileReference; lastKnownFileType = wrapper.framework; name = GoogleMaps.framework; path = "../GoogleMaps-iOS-1.8.1/GoogleMaps.framework"; sourceTree = "<group>"; };
		ABC2EDE7199F53B300AD3EE2 /* GoogleMaps.bundle */ = {isa = PBXFileReference; lastKnownFileType = "wrapper.plug-in"; name = GoogleMaps.bundle; path = "../../../../../../Downloads/GoogleMapsM4B-iOS-1.8.1/GoogleMapsM4B.framework/Versions/A/Resources/GoogleMaps.bundle"; sourceTree = "<group>"; };
		ABC2EDE9199FA5B700AD3EE2 /* MyLocationScreenViewController.h */ = {isa = PBXFileReference; fileEncoding = 4; lastKnownFileType = sourcecode.c.h; path = MyLocationScreenViewController.h; sourceTree = "<group>"; };
		ABC2EDEA199FA5B700AD3EE2 /* MyLocationScreenViewController.m */ = {isa = PBXFileReference; fileEncoding = 4; lastKnownFileType = sourcecode.c.objc; path = MyLocationScreenViewController.m; sourceTree = "<group>"; };
		ABC2EDEB199FA5B700AD3EE2 /* MyLocationScreenViewController.xib */ = {isa = PBXFileReference; fileEncoding = 4; lastKnownFileType = file.xib; path = MyLocationScreenViewController.xib; sourceTree = "<group>"; };
		ABC2EDEE199FBA5900AD3EE2 /* CarPoolViewController.h */ = {isa = PBXFileReference; fileEncoding = 4; lastKnownFileType = sourcecode.c.h; path = CarPoolViewController.h; sourceTree = "<group>"; };
		ABC2EDEF199FBA5A00AD3EE2 /* CarPoolViewController.m */ = {isa = PBXFileReference; fileEncoding = 4; lastKnownFileType = sourcecode.c.objc; path = CarPoolViewController.m; sourceTree = "<group>"; };
		ABC2EDF0199FBA5A00AD3EE2 /* CarPoolViewController.xib */ = {isa = PBXFileReference; fileEncoding = 4; lastKnownFileType = file.xib; path = CarPoolViewController.xib; sourceTree = "<group>"; };
		ABC2EDF819A04CC100AD3EE2 /* MoreDetailsScreen.h */ = {isa = PBXFileReference; fileEncoding = 4; lastKnownFileType = sourcecode.c.h; path = MoreDetailsScreen.h; sourceTree = "<group>"; };
		ABC2EDF919A04CC100AD3EE2 /* MoreDetailsScreen.m */ = {isa = PBXFileReference; fileEncoding = 4; lastKnownFileType = sourcecode.c.objc; path = MoreDetailsScreen.m; sourceTree = "<group>"; };
		ABC2EDFA19A04CC100AD3EE2 /* MoreDetailsScreen.xib */ = {isa = PBXFileReference; fileEncoding = 4; lastKnownFileType = file.xib; path = MoreDetailsScreen.xib; sourceTree = "<group>"; };
		ABC2EDFD19A04F9F00AD3EE2 /* userDataObj.h */ = {isa = PBXFileReference; fileEncoding = 4; lastKnownFileType = sourcecode.c.h; path = userDataObj.h; sourceTree = "<group>"; };
		ABC2EDFE19A04F9F00AD3EE2 /* userDataObj.m */ = {isa = PBXFileReference; fileEncoding = 4; lastKnownFileType = sourcecode.c.objc; path = userDataObj.m; sourceTree = "<group>"; };
		ABC2EE0019A0AD6C00AD3EE2 /* findacarScreenViewController.h */ = {isa = PBXFileReference; fileEncoding = 4; lastKnownFileType = sourcecode.c.h; path = findacarScreenViewController.h; sourceTree = "<group>"; };
		ABC2EE0119A0AD6C00AD3EE2 /* findacarScreenViewController.m */ = {isa = PBXFileReference; fileEncoding = 4; lastKnownFileType = sourcecode.c.objc; path = findacarScreenViewController.m; sourceTree = "<group>"; };
		ABC2EE0219A0AD6C00AD3EE2 /* findacarScreenViewController.xib */ = {isa = PBXFileReference; fileEncoding = 4; lastKnownFileType = file.xib; path = findacarScreenViewController.xib; sourceTree = "<group>"; };
		ABE3312019A1CEAB00822694 /* CarSelectionScreen.h */ = {isa = PBXFileReference; fileEncoding = 4; lastKnownFileType = sourcecode.c.h; path = CarSelectionScreen.h; sourceTree = "<group>"; };
		ABE3312119A1CEAB00822694 /* CarSelectionScreen.m */ = {isa = PBXFileReference; fileEncoding = 4; lastKnownFileType = sourcecode.c.objc; path = CarSelectionScreen.m; sourceTree = "<group>"; };
		ABE3312219A1CEAB00822694 /* CarSelectionScreen.xib */ = {isa = PBXFileReference; fileEncoding = 4; lastKnownFileType = file.xib; path = CarSelectionScreen.xib; sourceTree = "<group>"; };
		ABE3312519A1D35500822694 /* MyRequestsScreen.h */ = {isa = PBXFileReference; fileEncoding = 4; lastKnownFileType = sourcecode.c.h; path = MyRequestsScreen.h; sourceTree = "<group>"; };
		ABE3312619A1D35500822694 /* MyRequestsScreen.m */ = {isa = PBXFileReference; fileEncoding = 4; lastKnownFileType = sourcecode.c.objc; path = MyRequestsScreen.m; sourceTree = "<group>"; };
		ABE3312719A1D35500822694 /* MyRequestsScreen.xib */ = {isa = PBXFileReference; fileEncoding = 4; lastKnownFileType = file.xib; path = MyRequestsScreen.xib; sourceTree = "<group>"; };
		ABE3312A19A1D3C800822694 /* RequestCell.h */ = {isa = PBXFileReference; fileEncoding = 4; lastKnownFileType = sourcecode.c.h; path = RequestCell.h; sourceTree = "<group>"; };
		ABE3312B19A1D3C800822694 /* RequestCell.m */ = {isa = PBXFileReference; fileEncoding = 4; lastKnownFileType = sourcecode.c.objc; path = RequestCell.m; sourceTree = "<group>"; };
		ABE3312C19A1D3C800822694 /* RequestCell.xib */ = {isa = PBXFileReference; fileEncoding = 4; lastKnownFileType = file.xib; path = RequestCell.xib; sourceTree = "<group>"; };
		ABE3312F19A1DD1800822694 /* LoginViewController.h */ = {isa = PBXFileReference; fileEncoding = 4; lastKnownFileType = sourcecode.c.h; path = LoginViewController.h; sourceTree = "<group>"; };
		ABE3313019A1DD1800822694 /* LoginViewController.m */ = {isa = PBXFileReference; fileEncoding = 4; lastKnownFileType = sourcecode.c.objc; path = LoginViewController.m; sourceTree = "<group>"; };
		ABE3313119A1DD1800822694 /* LoginViewController.xib */ = {isa = PBXFileReference; fileEncoding = 4; lastKnownFileType = file.xib; path = LoginViewController.xib; sourceTree = "<group>"; };
		ABE3313519A1DD5E00822694 /* AFHTTPRequestOperation.h */ = {isa = PBXFileReference; fileEncoding = 4; lastKnownFileType = sourcecode.c.h; path = AFHTTPRequestOperation.h; sourceTree = "<group>"; };
		ABE3313619A1DD5E00822694 /* AFHTTPRequestOperation.m */ = {isa = PBXFileReference; fileEncoding = 4; lastKnownFileType = sourcecode.c.objc; path = AFHTTPRequestOperation.m; sourceTree = "<group>"; };
		ABE3313719A1DD5E00822694 /* AFHTTPRequestOperationManager.h */ = {isa = PBXFileReference; fileEncoding = 4; lastKnownFileType = sourcecode.c.h; path = AFHTTPRequestOperationManager.h; sourceTree = "<group>"; };
		ABE3313819A1DD5E00822694 /* AFHTTPRequestOperationManager.m */ = {isa = PBXFileReference; fileEncoding = 4; lastKnownFileType = sourcecode.c.objc; path = AFHTTPRequestOperationManager.m; sourceTree = "<group>"; };
		ABE3313919A1DD5E00822694 /* AFHTTPSessionManager.h */ = {isa = PBXFileReference; fileEncoding = 4; lastKnownFileType = sourcecode.c.h; path = AFHTTPSessionManager.h; sourceTree = "<group>"; };
		ABE3313A19A1DD5E00822694 /* AFHTTPSessionManager.m */ = {isa = PBXFileReference; fileEncoding = 4; lastKnownFileType = sourcecode.c.objc; path = AFHTTPSessionManager.m; sourceTree = "<group>"; };
		ABE3313B19A1DD5E00822694 /* AFNetworking.h */ = {isa = PBXFileReference; fileEncoding = 4; lastKnownFileType = sourcecode.c.h; path = AFNetworking.h; sourceTree = "<group>"; };
		ABE3313C19A1DD5E00822694 /* AFNetworkReachabilityManager.h */ = {isa = PBXFileReference; fileEncoding = 4; lastKnownFileType = sourcecode.c.h; path = AFNetworkReachabilityManager.h; sourceTree = "<group>"; };
		ABE3313D19A1DD5E00822694 /* AFNetworkReachabilityManager.m */ = {isa = PBXFileReference; fileEncoding = 4; lastKnownFileType = sourcecode.c.objc; path = AFNetworkReachabilityManager.m; sourceTree = "<group>"; };
		ABE3313E19A1DD5E00822694 /* AFSecurityPolicy.h */ = {isa = PBXFileReference; fileEncoding = 4; lastKnownFileType = sourcecode.c.h; path = AFSecurityPolicy.h; sourceTree = "<group>"; };
		ABE3313F19A1DD5E00822694 /* AFSecurityPolicy.m */ = {isa = PBXFileReference; fileEncoding = 4; lastKnownFileType = sourcecode.c.objc; path = AFSecurityPolicy.m; sourceTree = "<group>"; };
		ABE3314019A1DD5E00822694 /* AFURLConnectionOperation.h */ = {isa = PBXFileReference; fileEncoding = 4; lastKnownFileType = sourcecode.c.h; path = AFURLConnectionOperation.h; sourceTree = "<group>"; };
		ABE3314119A1DD5E00822694 /* AFURLConnectionOperation.m */ = {isa = PBXFileReference; fileEncoding = 4; lastKnownFileType = sourcecode.c.objc; path = AFURLConnectionOperation.m; sourceTree = "<group>"; };
		ABE3314219A1DD5F00822694 /* AFURLRequestSerialization.h */ = {isa = PBXFileReference; fileEncoding = 4; lastKnownFileType = sourcecode.c.h; path = AFURLRequestSerialization.h; sourceTree = "<group>"; };
		ABE3314319A1DD5F00822694 /* AFURLRequestSerialization.m */ = {isa = PBXFileReference; fileEncoding = 4; lastKnownFileType = sourcecode.c.objc; path = AFURLRequestSerialization.m; sourceTree = "<group>"; };
		ABE3314419A1DD5F00822694 /* AFURLResponseSerialization.h */ = {isa = PBXFileReference; fileEncoding = 4; lastKnownFileType = sourcecode.c.h; path = AFURLResponseSerialization.h; sourceTree = "<group>"; };
		ABE3314519A1DD5F00822694 /* AFURLResponseSerialization.m */ = {isa = PBXFileReference; fileEncoding = 4; lastKnownFileType = sourcecode.c.objc; path = AFURLResponseSerialization.m; sourceTree = "<group>"; };
		ABE3314619A1DD5F00822694 /* AFURLSessionManager.h */ = {isa = PBXFileReference; fileEncoding = 4; lastKnownFileType = sourcecode.c.h; path = AFURLSessionManager.h; sourceTree = "<group>"; };
		ABE3314719A1DD5F00822694 /* AFURLSessionManager.m */ = {isa = PBXFileReference; fileEncoding = 4; lastKnownFileType = sourcecode.c.objc; path = AFURLSessionManager.m; sourceTree = "<group>"; };
		ABE3315119A1DD8200822694 /* NetworkController.h */ = {isa = PBXFileReference; fileEncoding = 4; lastKnownFileType = sourcecode.c.h; path = NetworkController.h; sourceTree = "<group>"; };
		ABE3315219A1DD8200822694 /* NetworkController.m */ = {isa = PBXFileReference; fileEncoding = 4; lastKnownFileType = sourcecode.c.objc; path = NetworkController.m; sourceTree = "<group>"; };
		ABE3315319A1DD8200822694 /* NetworkingDelegate.h */ = {isa = PBXFileReference; fileEncoding = 4; lastKnownFileType = sourcecode.c.h; path = NetworkingDelegate.h; sourceTree = "<group>"; };
		ABE3315419A1DD8200822694 /* Request.h */ = {isa = PBXFileReference; fileEncoding = 4; lastKnownFileType = sourcecode.c.h; path = Request.h; sourceTree = "<group>"; };
		ABE3315519A1DD8200822694 /* Request.m */ = {isa = PBXFileReference; fileEncoding = 4; lastKnownFileType = sourcecode.c.objc; path = Request.m; sourceTree = "<group>"; };
		ABE3315619A1DD8200822694 /* Response.h */ = {isa = PBXFileReference; fileEncoding = 4; lastKnownFileType = sourcecode.c.h; path = Response.h; sourceTree = "<group>"; };
		ABE3315719A1DD8200822694 /* Response.m */ = {isa = PBXFileReference; fileEncoding = 4; lastKnownFileType = sourcecode.c.objc; path = Response.m; sourceTree = "<group>"; };
		ABE3315C19A21F6D00822694 /* GTLAssociateendpoint.h */ = {isa = PBXFileReference; fileEncoding = 4; lastKnownFileType = sourcecode.c.h; path = GTLAssociateendpoint.h; sourceTree = "<group>"; };
		ABE3315D19A21F6D00822694 /* GTLAssociateendpointAssociate.h */ = {isa = PBXFileReference; fileEncoding = 4; lastKnownFileType = sourcecode.c.h; path = GTLAssociateendpointAssociate.h; sourceTree = "<group>"; };
		ABE3315E19A21F6D00822694 /* GTLAssociateendpointAssociate.m */ = {isa = PBXFileReference; fileEncoding = 4; lastKnownFileType = sourcecode.c.objc; path = GTLAssociateendpointAssociate.m; sourceTree = "<group>"; };
		ABE3315F19A21F6D00822694 /* GTLAssociateendpointCollectionResponseAssociate.h */ = {isa = PBXFileReference; fileEncoding = 4; lastKnownFileType = sourcecode.c.h; path = GTLAssociateendpointCollectionResponseAssociate.h; sourceTree = "<group>"; };
		ABE3316019A21F6D00822694 /* GTLAssociateendpointCollectionResponseAssociate.m */ = {isa = PBXFileReference; fileEncoding = 4; lastKnownFileType = sourcecode.c.objc; path = GTLAssociateendpointCollectionResponseAssociate.m; sourceTree = "<group>"; };
		ABE3316119A21F6D00822694 /* GTLAssociateendpointConstants.h */ = {isa = PBXFileReference; fileEncoding = 4; lastKnownFileType = sourcecode.c.h; path = GTLAssociateendpointConstants.h; sourceTree = "<group>"; };
		ABE3316219A21F6D00822694 /* GTLAssociateendpointConstants.m */ = {isa = PBXFileReference; fileEncoding = 4; lastKnownFileType = sourcecode.c.objc; path = GTLAssociateendpointConstants.m; sourceTree = "<group>"; };
		ABE3316319A21F6D00822694 /* GTLBatchQuery.h */ = {isa = PBXFileReference; fileEncoding = 4; lastKnownFileType = sourcecode.c.h; path = GTLBatchQuery.h; sourceTree = "<group>"; };
		ABE3316419A21F6D00822694 /* GTLBatchQuery.m */ = {isa = PBXFileReference; fileEncoding = 4; lastKnownFileType = sourcecode.c.objc; path = GTLBatchQuery.m; sourceTree = "<group>"; };
		ABE3316519A21F6D00822694 /* GTLBatchResult.h */ = {isa = PBXFileReference; fileEncoding = 4; lastKnownFileType = sourcecode.c.h; path = GTLBatchResult.h; sourceTree = "<group>"; };
		ABE3316619A21F6D00822694 /* GTLBatchResult.m */ = {isa = PBXFileReference; fileEncoding = 4; lastKnownFileType = sourcecode.c.objc; path = GTLBatchResult.m; sourceTree = "<group>"; };
		ABE3316719A21F6D00822694 /* GTLDateTime.h */ = {isa = PBXFileReference; fileEncoding = 4; lastKnownFileType = sourcecode.c.h; path = GTLDateTime.h; sourceTree = "<group>"; };
		ABE3316819A21F6D00822694 /* GTLDateTime.m */ = {isa = PBXFileReference; fileEncoding = 4; lastKnownFileType = sourcecode.c.objc; path = GTLDateTime.m; sourceTree = "<group>"; };
		ABE3316919A21F6D00822694 /* GTLDefines.h */ = {isa = PBXFileReference; fileEncoding = 4; lastKnownFileType = sourcecode.c.h; path = GTLDefines.h; sourceTree = "<group>"; };
		ABE3316A19A21F6D00822694 /* GTLErrorObject.h */ = {isa = PBXFileReference; fileEncoding = 4; lastKnownFileType = sourcecode.c.h; path = GTLErrorObject.h; sourceTree = "<group>"; };
		ABE3316B19A21F6D00822694 /* GTLErrorObject.m */ = {isa = PBXFileReference; fileEncoding = 4; lastKnownFileType = sourcecode.c.objc; path = GTLErrorObject.m; sourceTree = "<group>"; };
		ABE3316C19A21F6D00822694 /* GTLFramework.h */ = {isa = PBXFileReference; fileEncoding = 4; lastKnownFileType = sourcecode.c.h; path = GTLFramework.h; sourceTree = "<group>"; };
		ABE3316D19A21F6D00822694 /* GTLFramework.m */ = {isa = PBXFileReference; fileEncoding = 4; lastKnownFileType = sourcecode.c.objc; path = GTLFramework.m; sourceTree = "<group>"; };
		ABE3316E19A21F6D00822694 /* GTLJSONParser.h */ = {isa = PBXFileReference; fileEncoding = 4; lastKnownFileType = sourcecode.c.h; path = GTLJSONParser.h; sourceTree = "<group>"; };
		ABE3316F19A21F6D00822694 /* GTLJSONParser.m */ = {isa = PBXFileReference; fileEncoding = 4; lastKnownFileType = sourcecode.c.objc; path = GTLJSONParser.m; sourceTree = "<group>"; };
		ABE3317019A21F6D00822694 /* GTLObject.h */ = {isa = PBXFileReference; fileEncoding = 4; lastKnownFileType = sourcecode.c.h; path = GTLObject.h; sourceTree = "<group>"; };
		ABE3317119A21F6D00822694 /* GTLObject.m */ = {isa = PBXFileReference; fileEncoding = 4; lastKnownFileType = sourcecode.c.objc; path = GTLObject.m; sourceTree = "<group>"; };
		ABE3317219A21F6D00822694 /* GTLQuery.h */ = {isa = PBXFileReference; fileEncoding = 4; lastKnownFileType = sourcecode.c.h; path = GTLQuery.h; sourceTree = "<group>"; };
		ABE3317319A21F6D00822694 /* GTLQuery.m */ = {isa = PBXFileReference; fileEncoding = 4; lastKnownFileType = sourcecode.c.objc; path = GTLQuery.m; sourceTree = "<group>"; };
		ABE3317419A21F6D00822694 /* GTLQueryAssociateendpoint.h */ = {isa = PBXFileReference; fileEncoding = 4; lastKnownFileType = sourcecode.c.h; path = GTLQueryAssociateendpoint.h; sourceTree = "<group>"; };
		ABE3317519A21F6D00822694 /* GTLQueryAssociateendpoint.m */ = {isa = PBXFileReference; fileEncoding = 4; lastKnownFileType = sourcecode.c.objc; path = GTLQueryAssociateendpoint.m; sourceTree = "<group>"; };
		ABE3317619A21F6D00822694 /* GTLRuntimeCommon.h */ = {isa = PBXFileReference; fileEncoding = 4; lastKnownFileType = sourcecode.c.h; path = GTLRuntimeCommon.h; sourceTree = "<group>"; };
		ABE3317719A21F6D00822694 /* GTLRuntimeCommon.m */ = {isa = PBXFileReference; fileEncoding = 4; lastKnownFileType = sourcecode.c.objc; path = GTLRuntimeCommon.m; sourceTree = "<group>"; };
		ABE3317819A21F6D00822694 /* GTLService.h */ = {isa = PBXFileReference; fileEncoding = 4; lastKnownFileType = sourcecode.c.h; path = GTLService.h; sourceTree = "<group>"; };
		ABE3317919A21F6D00822694 /* GTLService.m */ = {isa = PBXFileReference; fileEncoding = 4; lastKnownFileType = sourcecode.c.objc; path = GTLService.m; sourceTree = "<group>"; };
		ABE3317A19A21F6D00822694 /* GTLServiceAssociateendpoint.h */ = {isa = PBXFileReference; fileEncoding = 4; lastKnownFileType = sourcecode.c.h; path = GTLServiceAssociateendpoint.h; sourceTree = "<group>"; };
		ABE3317B19A21F6D00822694 /* GTLServiceAssociateendpoint.m */ = {isa = PBXFileReference; fileEncoding = 4; lastKnownFileType = sourcecode.c.objc; path = GTLServiceAssociateendpoint.m; sourceTree = "<group>"; };
		ABE3317C19A21F6D00822694 /* GTLTargetNamespace.h */ = {isa = PBXFileReference; fileEncoding = 4; lastKnownFileType = sourcecode.c.h; path = GTLTargetNamespace.h; sourceTree = "<group>"; };
		ABE3317D19A21F6D00822694 /* GTLUploadParameters.h */ = {isa = PBXFileReference; fileEncoding = 4; lastKnownFileType = sourcecode.c.h; path = GTLUploadParameters.h; sourceTree = "<group>"; };
		ABE3317E19A21F6D00822694 /* GTLUploadParameters.m */ = {isa = PBXFileReference; fileEncoding = 4; lastKnownFileType = sourcecode.c.objc; path = GTLUploadParameters.m; sourceTree = "<group>"; };
		ABE3317F19A21F6D00822694 /* GTLUtilities.h */ = {isa = PBXFileReference; fileEncoding = 4; lastKnownFileType = sourcecode.c.h; path = GTLUtilities.h; sourceTree = "<group>"; };
		ABE3318019A21F6D00822694 /* GTLUtilities.m */ = {isa = PBXFileReference; fileEncoding = 4; lastKnownFileType = sourcecode.c.objc; path = GTLUtilities.m; sourceTree = "<group>"; };
		ABE3318119A21F6D00822694 /* GTMHTTPFetcher.h */ = {isa = PBXFileReference; fileEncoding = 4; lastKnownFileType = sourcecode.c.h; path = GTMHTTPFetcher.h; sourceTree = "<group>"; };
		ABE3318219A21F6D00822694 /* GTMHTTPFetcher.m */ = {isa = PBXFileReference; fileEncoding = 4; lastKnownFileType = sourcecode.c.objc; path = GTMHTTPFetcher.m; sourceTree = "<group>"; };
		ABE3318319A21F6D00822694 /* GTMHTTPFetcherLogging.h */ = {isa = PBXFileReference; fileEncoding = 4; lastKnownFileType = sourcecode.c.h; path = GTMHTTPFetcherLogging.h; sourceTree = "<group>"; };
		ABE3318419A21F6D00822694 /* GTMHTTPFetcherLogging.m */ = {isa = PBXFileReference; fileEncoding = 4; lastKnownFileType = sourcecode.c.objc; path = GTMHTTPFetcherLogging.m; sourceTree = "<group>"; };
		ABE3318519A21F6D00822694 /* GTMHTTPFetcherService.h */ = {isa = PBXFileReference; fileEncoding = 4; lastKnownFileType = sourcecode.c.h; path = GTMHTTPFetcherService.h; sourceTree = "<group>"; };
		ABE3318619A21F6D00822694 /* GTMHTTPFetcherService.m */ = {isa = PBXFileReference; fileEncoding = 4; lastKnownFileType = sourcecode.c.objc; path = GTMHTTPFetcherService.m; sourceTree = "<group>"; };
		ABE3318719A21F6D00822694 /* GTMHTTPFetchHistory.h */ = {isa = PBXFileReference; fileEncoding = 4; lastKnownFileType = sourcecode.c.h; path = GTMHTTPFetchHistory.h; sourceTree = "<group>"; };
		ABE3318819A21F6D00822694 /* GTMHTTPFetchHistory.m */ = {isa = PBXFileReference; fileEncoding = 4; lastKnownFileType = sourcecode.c.objc; path = GTMHTTPFetchHistory.m; sourceTree = "<group>"; };
		ABE3319F19A24E4300822694 /* bg3.jpg */ = {isa = PBXFileReference; lastKnownFileType = image.jpeg; path = bg3.jpg; sourceTree = "<group>"; };
		ABE331A019A24E4300822694 /* bg4.png */ = {isa = PBXFileReference; lastKnownFileType = image.png; path = bg4.png; sourceTree = "<group>"; };
		ABE331A119A24E4300822694 /* img1.jpg */ = {isa = PBXFileReference; lastKnownFileType = image.jpeg; path = img1.jpg; sourceTree = "<group>"; };
		ABE331A519A26C3200822694 /* cerner-office.jpg */ = {isa = PBXFileReference; lastKnownFileType = image.jpeg; path = "cerner-office.jpg"; sourceTree = "<group>"; };
		ABE331A919A27E4000822694 /* GTLLocationendpoint.h */ = {isa = PBXFileReference; fileEncoding = 4; lastKnownFileType = sourcecode.c.h; path = GTLLocationendpoint.h; sourceTree = "<group>"; };
		ABE331AA19A27E4000822694 /* GTLLocationendpointCollectionResponseLocation.h */ = {isa = PBXFileReference; fileEncoding = 4; lastKnownFileType = sourcecode.c.h; path = GTLLocationendpointCollectionResponseLocation.h; sourceTree = "<group>"; };
		ABE331AB19A27E4000822694 /* GTLLocationendpointCollectionResponseLocation.m */ = {isa = PBXFileReference; fileEncoding = 4; lastKnownFileType = sourcecode.c.objc; path = GTLLocationendpointCollectionResponseLocation.m; sourceTree = "<group>"; };
		ABE331AC19A27E4000822694 /* GTLLocationendpointConstants.h */ = {isa = PBXFileReference; fileEncoding = 4; lastKnownFileType = sourcecode.c.h; path = GTLLocationendpointConstants.h; sourceTree = "<group>"; };
		ABE331AD19A27E4000822694 /* GTLLocationendpointConstants.m */ = {isa = PBXFileReference; fileEncoding = 4; lastKnownFileType = sourcecode.c.objc; path = GTLLocationendpointConstants.m; sourceTree = "<group>"; };
		ABE331AE19A27E4000822694 /* GTLLocationendpointLocation.h */ = {isa = PBXFileReference; fileEncoding = 4; lastKnownFileType = sourcecode.c.h; path = GTLLocationendpointLocation.h; sourceTree = "<group>"; };
		ABE331AF19A27E4000822694 /* GTLLocationendpointLocation.m */ = {isa = PBXFileReference; fileEncoding = 4; lastKnownFileType = sourcecode.c.objc; path = GTLLocationendpointLocation.m; sourceTree = "<group>"; };
		ABE331B019A27E4000822694 /* GTLLocationendpointLocationCollection.h */ = {isa = PBXFileReference; fileEncoding = 4; lastKnownFileType = sourcecode.c.h; path = GTLLocationendpointLocationCollection.h; sourceTree = "<group>"; };
		ABE331B119A27E4000822694 /* GTLLocationendpointLocationCollection.m */ = {isa = PBXFileReference; fileEncoding = 4; lastKnownFileType = sourcecode.c.objc; path = GTLLocationendpointLocationCollection.m; sourceTree = "<group>"; };
		ABE331B219A27E4000822694 /* GTLQueryLocationendpoint.h */ = {isa = PBXFileReference; fileEncoding = 4; lastKnownFileType = sourcecode.c.h; path = GTLQueryLocationendpoint.h; sourceTree = "<group>"; };
		ABE331B319A27E4000822694 /* GTLQueryLocationendpoint.m */ = {isa = PBXFileReference; fileEncoding = 4; lastKnownFileType = sourcecode.c.objc; path = GTLQueryLocationendpoint.m; sourceTree = "<group>"; };
		ABE331B419A27E4000822694 /* GTLServiceLocationendpoint.h */ = {isa = PBXFileReference; fileEncoding = 4; lastKnownFileType = sourcecode.c.h; path = GTLServiceLocationendpoint.h; sourceTree = "<group>"; };
		ABE331B519A27E4000822694 /* GTLServiceLocationendpoint.m */ = {isa = PBXFileReference; fileEncoding = 4; lastKnownFileType = sourcecode.c.objc; path = GTLServiceLocationendpoint.m; sourceTree = "<group>"; };
		ABE331C019A2919900822694 /* GTLCarpoolendpoint.h */ = {isa = PBXFileReference; fileEncoding = 4; lastKnownFileType = sourcecode.c.h; path = GTLCarpoolendpoint.h; sourceTree = "<group>"; };
		ABE331C119A2919900822694 /* GTLCarpoolendpointCarPool.h */ = {isa = PBXFileReference; fileEncoding = 4; lastKnownFileType = sourcecode.c.h; path = GTLCarpoolendpointCarPool.h; sourceTree = "<group>"; };
		ABE331C219A2919900822694 /* GTLCarpoolendpointCarPool.m */ = {isa = PBXFileReference; fileEncoding = 4; lastKnownFileType = sourcecode.c.objc; path = GTLCarpoolendpointCarPool.m; sourceTree = "<group>"; };
		ABE331C319A2919900822694 /* GTLCarpoolendpointCarPoolCollection.h */ = {isa = PBXFileReference; fileEncoding = 4; lastKnownFileType = sourcecode.c.h; path = GTLCarpoolendpointCarPoolCollection.h; sourceTree = "<group>"; };
		ABE331C419A2919900822694 /* GTLCarpoolendpointCarPoolCollection.m */ = {isa = PBXFileReference; fileEncoding = 4; lastKnownFileType = sourcecode.c.objc; path = GTLCarpoolendpointCarPoolCollection.m; sourceTree = "<group>"; };
		ABE331C519A2919900822694 /* GTLCarpoolendpointCollectionResponseCarPool.h */ = {isa = PBXFileReference; fileEncoding = 4; lastKnownFileType = sourcecode.c.h; path = GTLCarpoolendpointCollectionResponseCarPool.h; sourceTree = "<group>"; };
		ABE331C619A2919900822694 /* GTLCarpoolendpointCollectionResponseCarPool.m */ = {isa = PBXFileReference; fileEncoding = 4; lastKnownFileType = sourcecode.c.objc; path = GTLCarpoolendpointCollectionResponseCarPool.m; sourceTree = "<group>"; };
		ABE331C719A2919900822694 /* GTLCarpoolendpointConstants.h */ = {isa = PBXFileReference; fileEncoding = 4; lastKnownFileType = sourcecode.c.h; path = GTLCarpoolendpointConstants.h; sourceTree = "<group>"; };
		ABE331C819A2919900822694 /* GTLCarpoolendpointConstants.m */ = {isa = PBXFileReference; fileEncoding = 4; lastKnownFileType = sourcecode.c.objc; path = GTLCarpoolendpointConstants.m; sourceTree = "<group>"; };
		ABE331CA19A2919900822694 /* GTLQueryCarpoolendpoint.h */ = {isa = PBXFileReference; fileEncoding = 4; lastKnownFileType = sourcecode.c.h; path = GTLQueryCarpoolendpoint.h; sourceTree = "<group>"; };
		ABE331CB19A2919900822694 /* GTLQueryCarpoolendpoint.m */ = {isa = PBXFileReference; fileEncoding = 4; lastKnownFileType = sourcecode.c.objc; path = GTLQueryCarpoolendpoint.m; sourceTree = "<group>"; };
		ABE331CC19A2919A00822694 /* GTLServiceCarpoolendpoint.h */ = {isa = PBXFileReference; fileEncoding = 4; lastKnownFileType = sourcecode.c.h; path = GTLServiceCarpoolendpoint.h; sourceTree = "<group>"; };
		ABE331CD19A2919A00822694 /* GTLServiceCarpoolendpoint.m */ = {isa = PBXFileReference; fileEncoding = 4; lastKnownFileType = sourcecode.c.objc; path = GTLServiceCarpoolendpoint.m; sourceTree = "<group>"; };
		ABE331D619A31C5400822694 /* GTLPassengerendpoint.h */ = {isa = PBXFileReference; fileEncoding = 4; lastKnownFileType = sourcecode.c.h; path = GTLPassengerendpoint.h; sourceTree = "<group>"; };
		ABE331D719A31C5400822694 /* GTLPassengerendpointCollectionResponsePassenger.h */ = {isa = PBXFileReference; fileEncoding = 4; lastKnownFileType = sourcecode.c.h; path = GTLPassengerendpointCollectionResponsePassenger.h; sourceTree = "<group>"; };
		ABE331D819A31C5400822694 /* GTLPassengerendpointCollectionResponsePassenger.m */ = {isa = PBXFileReference; fileEncoding = 4; lastKnownFileType = sourcecode.c.objc; path = GTLPassengerendpointCollectionResponsePassenger.m; sourceTree = "<group>"; };
		ABE331D919A31C5400822694 /* GTLPassengerendpointConstants.h */ = {isa = PBXFileReference; fileEncoding = 4; lastKnownFileType = sourcecode.c.h; path = GTLPassengerendpointConstants.h; sourceTree = "<group>"; };
		ABE331DA19A31C5400822694 /* GTLPassengerendpointConstants.m */ = {isa = PBXFileReference; fileEncoding = 4; lastKnownFileType = sourcecode.c.objc; path = GTLPassengerendpointConstants.m; sourceTree = "<group>"; };
		ABE331DB19A31C5400822694 /* GTLPassengerendpointPassenger.h */ = {isa = PBXFileReference; fileEncoding = 4; lastKnownFileType = sourcecode.c.h; path = GTLPassengerendpointPassenger.h; sourceTree = "<group>"; };
		ABE331DC19A31C5400822694 /* GTLPassengerendpointPassenger.m */ = {isa = PBXFileReference; fileEncoding = 4; lastKnownFileType = sourcecode.c.objc; path = GTLPassengerendpointPassenger.m; sourceTree = "<group>"; };
		ABE331DD19A31C5400822694 /* GTLPassengerendpointPassengerCollection.h */ = {isa = PBXFileReference; fileEncoding = 4; lastKnownFileType = sourcecode.c.h; path = GTLPassengerendpointPassengerCollection.h; sourceTree = "<group>"; };
		ABE331DE19A31C5400822694 /* GTLPassengerendpointPassengerCollection.m */ = {isa = PBXFileReference; fileEncoding = 4; lastKnownFileType = sourcecode.c.objc; path = GTLPassengerendpointPassengerCollection.m; sourceTree = "<group>"; };
		ABE331DF19A31C5400822694 /* GTLQueryPassengerendpoint.h */ = {isa = PBXFileReference; fileEncoding = 4; lastKnownFileType = sourcecode.c.h; path = GTLQueryPassengerendpoint.h; sourceTree = "<group>"; };
		ABE331E019A31C5400822694 /* GTLQueryPassengerendpoint.m */ = {isa = PBXFileReference; fileEncoding = 4; lastKnownFileType = sourcecode.c.objc; path = GTLQueryPassengerendpoint.m; sourceTree = "<group>"; };
		ABE331E119A31C5400822694 /* GTLServicePassengerendpoint.h */ = {isa = PBXFileReference; fileEncoding = 4; lastKnownFileType = sourcecode.c.h; path = GTLServicePassengerendpoint.h; sourceTree = "<group>"; };
		ABE331E219A31C5400822694 /* GTLServicePassengerendpoint.m */ = {isa = PBXFileReference; fileEncoding = 4; lastKnownFileType = sourcecode.c.objc; path = GTLServicePassengerendpoint.m; sourceTree = "<group>"; };
		ABE331EA19A350D300822694 /* PassengerRideRequestScreenViewController.h */ = {isa = PBXFileReference; fileEncoding = 4; lastKnownFileType = sourcecode.c.h; path = PassengerRideRequestScreenViewController.h; sourceTree = "<group>"; };
		ABE331EB19A350D300822694 /* PassengerRideRequestScreenViewController.m */ = {isa = PBXFileReference; fileEncoding = 4; lastKnownFileType = sourcecode.c.objc; path = PassengerRideRequestScreenViewController.m; sourceTree = "<group>"; };
		ABE331EC19A350D300822694 /* PassengerRideRequestScreenViewController.xib */ = {isa = PBXFileReference; fileEncoding = 4; lastKnownFileType = file.xib; path = PassengerRideRequestScreenViewController.xib; sourceTree = "<group>"; };
		ABE331EF19A351E200822694 /* passengerCell.h */ = {isa = PBXFileReference; fileEncoding = 4; lastKnownFileType = sourcecode.c.h; path = passengerCell.h; sourceTree = "<group>"; };
		ABE331F019A351E200822694 /* passengerCell.m */ = {isa = PBXFileReference; fileEncoding = 4; lastKnownFileType = sourcecode.c.objc; path = passengerCell.m; sourceTree = "<group>"; };
		ABE331F119A351E200822694 /* passengerCell.xib */ = {isa = PBXFileReference; fileEncoding = 4; lastKnownFileType = file.xib; path = passengerCell.xib; sourceTree = "<group>"; };
/* End PBXFileReference section */

/* Begin PBXFrameworksBuildPhase section */
		AB62A536199CD1C50084B20F /* Frameworks */ = {
			isa = PBXFrameworksBuildPhase;
			buildActionMask = 2147483647;
			files = (
				ABC2EDE6199F52CE00AD3EE2 /* GoogleMaps.framework in Frameworks */,
				ABC2EDE0199F50F900AD3EE2 /* SystemConfiguration.framework in Frameworks */,
				ABC2EDDE199F507700AD3EE2 /* QuartzCore.framework in Frameworks */,
				ABC2EDDC199F506B00AD3EE2 /* OpenGLES.framework in Frameworks */,
				ABC2EDDA199F506100AD3EE2 /* ImageIO.framework in Frameworks */,
				ABC2EDD8199F505B00AD3EE2 /* GLKit.framework in Frameworks */,
				ABC2EDD6199F504900AD3EE2 /* CoreText.framework in Frameworks */,
				ABC2EDD4199F500400AD3EE2 /* CoreFoundation.framework in Frameworks */,
				ABC2EDD2199F4FF700AD3EE2 /* CoreData.framework in Frameworks */,
				ABC2EDD0199F4FEF00AD3EE2 /* AVFoundation.framework in Frameworks */,
				ABC2EDCE199F4FC500AD3EE2 /* CoreLocation.framework in Frameworks */,
				ABC2EDCA199F4EFE00AD3EE2 /* libobjc.dylib in Frameworks */,
				ABC2EDC8199F4EEC00AD3EE2 /* libicucore.dylib in Frameworks */,
				ABC2EDC6199F4EC500AD3EE2 /* libz.dylib in Frameworks */,
				ABC2EDC4199F4B6E00AD3EE2 /* libstdc++.6.dylib in Frameworks */,
				ABC2EDC2199F4B4500AD3EE2 /* libstdc++.dylib in Frameworks */,
				AB62A53F199CD1C50084B20F /* CoreGraphics.framework in Frameworks */,
				AB62A541199CD1C50084B20F /* UIKit.framework in Frameworks */,
				AB62A53D199CD1C50084B20F /* Foundation.framework in Frameworks */,
			);
			runOnlyForDeploymentPostprocessing = 0;
		};
		AB62A557199CD1C50084B20F /* Frameworks */ = {
			isa = PBXFrameworksBuildPhase;
			buildActionMask = 2147483647;
			files = (
				AB62A55C199CD1C50084B20F /* XCTest.framework in Frameworks */,
				AB62A55E199CD1C50084B20F /* UIKit.framework in Frameworks */,
				AB62A55D199CD1C50084B20F /* Foundation.framework in Frameworks */,
			);
			runOnlyForDeploymentPostprocessing = 0;
		};
/* End PBXFrameworksBuildPhase section */

/* Begin PBXGroup section */
		AB62A530199CD1C50084B20F = {
			isa = PBXGroup;
			children = (
				AB62A542199CD1C50084B20F /* RideMeHome */,
				AB62A561199CD1C50084B20F /* RideMeHomeTests */,
				AB62A53B199CD1C50084B20F /* Frameworks */,
				AB62A53A199CD1C50084B20F /* Products */,
			);
			sourceTree = "<group>";
		};
		AB62A53A199CD1C50084B20F /* Products */ = {
			isa = PBXGroup;
			children = (
				AB62A539199CD1C50084B20F /* RideMeHome.app */,
				AB62A55A199CD1C50084B20F /* RideMeHomeTests.xctest */,
			);
			name = Products;
			sourceTree = "<group>";
		};
		AB62A53B199CD1C50084B20F /* Frameworks */ = {
			isa = PBXGroup;
			children = (
				ABC2EDE7199F53B300AD3EE2 /* GoogleMaps.bundle */,
				ABC2EDE5199F52CE00AD3EE2 /* GoogleMaps.framework */,
				ABC2EDDF199F50F900AD3EE2 /* SystemConfiguration.framework */,
				ABC2EDDD199F507700AD3EE2 /* QuartzCore.framework */,
				ABC2EDDB199F506B00AD3EE2 /* OpenGLES.framework */,
				ABC2EDD9199F506100AD3EE2 /* ImageIO.framework */,
				ABC2EDD7199F505B00AD3EE2 /* GLKit.framework */,
				ABC2EDD5199F504900AD3EE2 /* CoreText.framework */,
				ABC2EDD3199F500400AD3EE2 /* CoreFoundation.framework */,
				ABC2EDD1199F4FF700AD3EE2 /* CoreData.framework */,
				ABC2EDCF199F4FEF00AD3EE2 /* AVFoundation.framework */,
				ABC2EDCD199F4FC500AD3EE2 /* CoreLocation.framework */,
				ABC2EDC9199F4EFE00AD3EE2 /* libobjc.dylib */,
				ABC2EDC7199F4EEB00AD3EE2 /* libicucore.dylib */,
				ABC2EDC5199F4EC500AD3EE2 /* libz.dylib */,
				ABC2EDC3199F4B6E00AD3EE2 /* libstdc++.6.dylib */,
				ABC2EDC1199F4B4500AD3EE2 /* libstdc++.dylib */,
				AB62A53C199CD1C50084B20F /* Foundation.framework */,
				AB62A53E199CD1C50084B20F /* CoreGraphics.framework */,
				AB62A540199CD1C50084B20F /* UIKit.framework */,
				AB62A55B199CD1C50084B20F /* XCTest.framework */,
			);
			name = Frameworks;
			sourceTree = "<group>";
		};
		AB62A542199CD1C50084B20F /* RideMeHome */ = {
			isa = PBXGroup;
			children = (
				ABB672BF19B60940003D0CBE /* images */,
				ABE3319E19A24E2600822694 /* images */,
				ABE3315B19A21F6D00822694 /* GTL */,
				ABE3313419A1DD5E00822694 /* AFNetworking */,
				ABC2EDBB199EEEFA00AD3EE2 /* mapwrappers */,
				ABC2EDAE199EE83E00AD3EE2 /* utils */,
				ABC2EDA4199E543D00AD3EE2 /* TableCells */,
				ABC2ED99199E4FEE00AD3EE2 /* ViewControllers */,
				AB62A54B199CD1C50084B20F /* AppDelegate.h */,
				AB62A54C199CD1C50084B20F /* AppDelegate.m */,
				AB62A54E199CD1C50084B20F /* Main.storyboard */,
				AB62A554199CD1C50084B20F /* Images.xcassets */,
				AB62A543199CD1C50084B20F /* Supporting Files */,
			);
			path = RideMeHome;
			sourceTree = "<group>";
		};
		AB62A543199CD1C50084B20F /* Supporting Files */ = {
			isa = PBXGroup;
			children = (
				AB62A544199CD1C50084B20F /* RideMeHome-Info.plist */,
				AB62A545199CD1C50084B20F /* InfoPlist.strings */,
				AB62A548199CD1C50084B20F /* main.m */,
				AB62A54A199CD1C50084B20F /* RideMeHome-Prefix.pch */,
			);
			name = "Supporting Files";
			sourceTree = "<group>";
		};
		AB62A561199CD1C50084B20F /* RideMeHomeTests */ = {
			isa = PBXGroup;
			children = (
				AB62A567199CD1C50084B20F /* RideMeHomeTests.m */,
				AB62A562199CD1C50084B20F /* Supporting Files */,
			);
			path = RideMeHomeTests;
			sourceTree = "<group>";
		};
		AB62A562199CD1C50084B20F /* Supporting Files */ = {
			isa = PBXGroup;
			children = (
				AB62A563199CD1C50084B20F /* RideMeHomeTests-Info.plist */,
				AB62A564199CD1C50084B20F /* InfoPlist.strings */,
			);
			name = "Supporting Files";
			sourceTree = "<group>";
		};
		ABB672BF19B60940003D0CBE /* images */ = {
			isa = PBXGroup;
			children = (
				ABB672C719B6192F003D0CBE /* h_line_b.png */,
				ABB672C819B6192F003D0CBE /* h_line_b@2x.png */,
				ABB672C919B6192F003D0CBE /* ic_drawer.png */,
				ABB672CA19B6192F003D0CBE /* ic_drawer@2x.png */,
				ABB672C019B60940003D0CBE /* defaultPerson.png */,
			);
			path = images;
			sourceTree = "<group>";
		};
		ABC2ED99199E4FEE00AD3EE2 /* ViewControllers */ = {
			isa = PBXGroup;
			children = (
				ABE3312F19A1DD1800822694 /* LoginViewController.h */,
				ABE3313019A1DD1800822694 /* LoginViewController.m */,
				ABE3313119A1DD1800822694 /* LoginViewController.xib */,
				ABC2ED94199E3C6200AD3EE2 /* RideMeHomeController.h */,
				ABC2ED95199E3C6200AD3EE2 /* RideMeHomeController.m */,
				ABC2ED96199E3C6200AD3EE2 /* RideMeHomeController.xib */,
				ABC2ED9A199E501800AD3EE2 /* SignUpViewController.h */,
				ABC2ED9B199E501800AD3EE2 /* SignUpViewController.m */,
				ABC2ED9C199E501800AD3EE2 /* SignUpViewController.xib */,
				ABC2ED9F199E515300AD3EE2 /* SignUpScreen.h */,
				ABC2EDA0199E515300AD3EE2 /* SignUpScreen.m */,
				ABC2EDA1199E515300AD3EE2 /* SignUpScreen.xib */,
				ABC2EDB6199EE9AE00AD3EE2 /* AddLocationScreen.h */,
				ABC2EDB7199EE9AE00AD3EE2 /* AddLocationScreen.m */,
				ABC2EDB8199EE9AE00AD3EE2 /* AddLocationScreen.xib */,
				ABC2EDE9199FA5B700AD3EE2 /* MyLocationScreenViewController.h */,
				ABC2EDEA199FA5B700AD3EE2 /* MyLocationScreenViewController.m */,
				ABC2EDEB199FA5B700AD3EE2 /* MyLocationScreenViewController.xib */,
				ABC2EDEE199FBA5900AD3EE2 /* CarPoolViewController.h */,
				ABC2EDEF199FBA5A00AD3EE2 /* CarPoolViewController.m */,
				ABC2EDF0199FBA5A00AD3EE2 /* CarPoolViewController.xib */,
				ABC2EDF819A04CC100AD3EE2 /* MoreDetailsScreen.h */,
				ABC2EDF919A04CC100AD3EE2 /* MoreDetailsScreen.m */,
				ABC2EDFA19A04CC100AD3EE2 /* MoreDetailsScreen.xib */,
				ABC2EE0019A0AD6C00AD3EE2 /* findacarScreenViewController.h */,
				ABC2EE0119A0AD6C00AD3EE2 /* findacarScreenViewController.m */,
				ABC2EE0219A0AD6C00AD3EE2 /* findacarScreenViewController.xib */,
				ABE3312019A1CEAB00822694 /* CarSelectionScreen.h */,
				ABE3312119A1CEAB00822694 /* CarSelectionScreen.m */,
				ABE3312219A1CEAB00822694 /* CarSelectionScreen.xib */,
				ABE3312519A1D35500822694 /* MyRequestsScreen.h */,
				ABE3312619A1D35500822694 /* MyRequestsScreen.m */,
				ABE3312719A1D35500822694 /* MyRequestsScreen.xib */,
				ABE331EA19A350D300822694 /* PassengerRideRequestScreenViewController.h */,
				ABE331EB19A350D300822694 /* PassengerRideRequestScreenViewController.m */,
				ABE331EC19A350D300822694 /* PassengerRideRequestScreenViewController.xib */,
			);
			name = ViewControllers;
			sourceTree = "<group>";
		};
		ABC2EDA4199E543D00AD3EE2 /* TableCells */ = {
			isa = PBXGroup;
			children = (
				ABE3312A19A1D3C800822694 /* RequestCell.h */,
				ABE3312B19A1D3C800822694 /* RequestCell.m */,
				ABE3312C19A1D3C800822694 /* RequestCell.xib */,
				ABE331EF19A351E200822694 /* passengerCell.h */,
				ABE331F019A351E200822694 /* passengerCell.m */,
				ABE331F119A351E200822694 /* passengerCell.xib */,
				ABB672C219B610BF003D0CBE /* LeftTableViewCell.h */,
				ABB672C319B610BF003D0CBE /* LeftTableViewCell.m */,
				ABB672C419B610BF003D0CBE /* LeftTableViewCell.xib */,
			);
			name = TableCells;
			sourceTree = "<group>";
		};
		ABC2EDAE199EE83E00AD3EE2 /* utils */ = {
			isa = PBXGroup;
			children = (
				ABE3315119A1DD8200822694 /* NetworkController.h */,
				ABE3315219A1DD8200822694 /* NetworkController.m */,
				ABE3315319A1DD8200822694 /* NetworkingDelegate.h */,
				ABE3315419A1DD8200822694 /* Request.h */,
				ABE3315519A1DD8200822694 /* Request.m */,
				ABE3315619A1DD8200822694 /* Response.h */,
				ABE3315719A1DD8200822694 /* Response.m */,
				ABC2EDB2199EE87C00AD3EE2 /* appConstants.h */,
				ABC2EDAF199EE85000AD3EE2 /* Utilities.h */,
				ABC2EDB0199EE85000AD3EE2 /* Utilities.m */,
				ABC2EDFD19A04F9F00AD3EE2 /* userDataObj.h */,
				ABC2EDFE19A04F9F00AD3EE2 /* userDataObj.m */,
			);
			name = utils;
			sourceTree = "<group>";
		};
		ABC2EDBB199EEEFA00AD3EE2 /* mapwrappers */ = {
			isa = PBXGroup;
			children = (
				ABC2EDBC199EEF1F00AD3EE2 /* geocoders.h */,
				ABC2EDBD199EEF1F00AD3EE2 /* geocoders.m */,
			);
			name = mapwrappers;
			sourceTree = "<group>";
		};
		ABE3313419A1DD5E00822694 /* AFNetworking */ = {
			isa = PBXGroup;
			children = (
				ABE3313519A1DD5E00822694 /* AFHTTPRequestOperation.h */,
				ABE3313619A1DD5E00822694 /* AFHTTPRequestOperation.m */,
				ABE3313719A1DD5E00822694 /* AFHTTPRequestOperationManager.h */,
				ABE3313819A1DD5E00822694 /* AFHTTPRequestOperationManager.m */,
				ABE3313919A1DD5E00822694 /* AFHTTPSessionManager.h */,
				ABE3313A19A1DD5E00822694 /* AFHTTPSessionManager.m */,
				ABE3313B19A1DD5E00822694 /* AFNetworking.h */,
				ABE3313C19A1DD5E00822694 /* AFNetworkReachabilityManager.h */,
				ABE3313D19A1DD5E00822694 /* AFNetworkReachabilityManager.m */,
				ABE3313E19A1DD5E00822694 /* AFSecurityPolicy.h */,
				ABE3313F19A1DD5E00822694 /* AFSecurityPolicy.m */,
				ABE3314019A1DD5E00822694 /* AFURLConnectionOperation.h */,
				ABE3314119A1DD5E00822694 /* AFURLConnectionOperation.m */,
				ABE3314219A1DD5F00822694 /* AFURLRequestSerialization.h */,
				ABE3314319A1DD5F00822694 /* AFURLRequestSerialization.m */,
				ABE3314419A1DD5F00822694 /* AFURLResponseSerialization.h */,
				ABE3314519A1DD5F00822694 /* AFURLResponseSerialization.m */,
				ABE3314619A1DD5F00822694 /* AFURLSessionManager.h */,
				ABE3314719A1DD5F00822694 /* AFURLSessionManager.m */,
			);
			path = AFNetworking;
			sourceTree = "<group>";
		};
		ABE3315B19A21F6D00822694 /* GTL */ = {
			isa = PBXGroup;
			children = (
				ABE331D619A31C5400822694 /* GTLPassengerendpoint.h */,
				ABE331D719A31C5400822694 /* GTLPassengerendpointCollectionResponsePassenger.h */,
				ABE331D819A31C5400822694 /* GTLPassengerendpointCollectionResponsePassenger.m */,
				ABE331D919A31C5400822694 /* GTLPassengerendpointConstants.h */,
				ABE331DA19A31C5400822694 /* GTLPassengerendpointConstants.m */,
				ABE331DB19A31C5400822694 /* GTLPassengerendpointPassenger.h */,
				ABE331DC19A31C5400822694 /* GTLPassengerendpointPassenger.m */,
				ABE331DD19A31C5400822694 /* GTLPassengerendpointPassengerCollection.h */,
				ABE331DE19A31C5400822694 /* GTLPassengerendpointPassengerCollection.m */,
				ABE331DF19A31C5400822694 /* GTLQueryPassengerendpoint.h */,
				ABE331E019A31C5400822694 /* GTLQueryPassengerendpoint.m */,
				ABE331E119A31C5400822694 /* GTLServicePassengerendpoint.h */,
				ABE331E219A31C5400822694 /* GTLServicePassengerendpoint.m */,
				ABE331C019A2919900822694 /* GTLCarpoolendpoint.h */,
				ABE331C119A2919900822694 /* GTLCarpoolendpointCarPool.h */,
				ABE331C219A2919900822694 /* GTLCarpoolendpointCarPool.m */,
				ABE331C319A2919900822694 /* GTLCarpoolendpointCarPoolCollection.h */,
				ABE331C419A2919900822694 /* GTLCarpoolendpointCarPoolCollection.m */,
				ABE331C519A2919900822694 /* GTLCarpoolendpointCollectionResponseCarPool.h */,
				ABE331C619A2919900822694 /* GTLCarpoolendpointCollectionResponseCarPool.m */,
				ABE331C719A2919900822694 /* GTLCarpoolendpointConstants.h */,
				ABE331C819A2919900822694 /* GTLCarpoolendpointConstants.m */,
				ABE331CA19A2919900822694 /* GTLQueryCarpoolendpoint.h */,
				ABE331CB19A2919900822694 /* GTLQueryCarpoolendpoint.m */,
				ABE331CC19A2919A00822694 /* GTLServiceCarpoolendpoint.h */,
				ABE331CD19A2919A00822694 /* GTLServiceCarpoolendpoint.m */,
				ABE331A919A27E4000822694 /* GTLLocationendpoint.h */,
				ABE331AA19A27E4000822694 /* GTLLocationendpointCollectionResponseLocation.h */,
				ABE331AB19A27E4000822694 /* GTLLocationendpointCollectionResponseLocation.m */,
				ABE331AC19A27E4000822694 /* GTLLocationendpointConstants.h */,
				ABE331AD19A27E4000822694 /* GTLLocationendpointConstants.m */,
				ABE331AE19A27E4000822694 /* GTLLocationendpointLocation.h */,
				ABE331AF19A27E4000822694 /* GTLLocationendpointLocation.m */,
				ABE331B019A27E4000822694 /* GTLLocationendpointLocationCollection.h */,
				ABE331B119A27E4000822694 /* GTLLocationendpointLocationCollection.m */,
				ABE331B219A27E4000822694 /* GTLQueryLocationendpoint.h */,
				ABE331B319A27E4000822694 /* GTLQueryLocationendpoint.m */,
				ABE331B419A27E4000822694 /* GTLServiceLocationendpoint.h */,
				ABE331B519A27E4000822694 /* GTLServiceLocationendpoint.m */,
				ABE3315C19A21F6D00822694 /* GTLAssociateendpoint.h */,
				ABE3315D19A21F6D00822694 /* GTLAssociateendpointAssociate.h */,
				ABE3315E19A21F6D00822694 /* GTLAssociateendpointAssociate.m */,
				ABE3315F19A21F6D00822694 /* GTLAssociateendpointCollectionResponseAssociate.h */,
				ABE3316019A21F6D00822694 /* GTLAssociateendpointCollectionResponseAssociate.m */,
				ABE3316119A21F6D00822694 /* GTLAssociateendpointConstants.h */,
				ABE3316219A21F6D00822694 /* GTLAssociateendpointConstants.m */,
				ABE3316319A21F6D00822694 /* GTLBatchQuery.h */,
				ABE3316419A21F6D00822694 /* GTLBatchQuery.m */,
				ABE3316519A21F6D00822694 /* GTLBatchResult.h */,
				ABE3316619A21F6D00822694 /* GTLBatchResult.m */,
				ABE3316719A21F6D00822694 /* GTLDateTime.h */,
				ABE3316819A21F6D00822694 /* GTLDateTime.m */,
				ABE3316919A21F6D00822694 /* GTLDefines.h */,
				ABE3316A19A21F6D00822694 /* GTLErrorObject.h */,
				ABE3316B19A21F6D00822694 /* GTLErrorObject.m */,
				ABE3316C19A21F6D00822694 /* GTLFramework.h */,
				ABE3316D19A21F6D00822694 /* GTLFramework.m */,
				ABE3316E19A21F6D00822694 /* GTLJSONParser.h */,
				ABE3316F19A21F6D00822694 /* GTLJSONParser.m */,
				ABE3317019A21F6D00822694 /* GTLObject.h */,
				ABE3317119A21F6D00822694 /* GTLObject.m */,
				ABE3317219A21F6D00822694 /* GTLQuery.h */,
				ABE3317319A21F6D00822694 /* GTLQuery.m */,
				ABE3317419A21F6D00822694 /* GTLQueryAssociateendpoint.h */,
				ABE3317519A21F6D00822694 /* GTLQueryAssociateendpoint.m */,
				ABE3317619A21F6D00822694 /* GTLRuntimeCommon.h */,
				ABE3317719A21F6D00822694 /* GTLRuntimeCommon.m */,
				ABE3317819A21F6D00822694 /* GTLService.h */,
				ABE3317919A21F6D00822694 /* GTLService.m */,
				ABE3317A19A21F6D00822694 /* GTLServiceAssociateendpoint.h */,
				ABE3317B19A21F6D00822694 /* GTLServiceAssociateendpoint.m */,
				ABE3317C19A21F6D00822694 /* GTLTargetNamespace.h */,
				ABE3317D19A21F6D00822694 /* GTLUploadParameters.h */,
				ABE3317E19A21F6D00822694 /* GTLUploadParameters.m */,
				ABE3317F19A21F6D00822694 /* GTLUtilities.h */,
				ABE3318019A21F6D00822694 /* GTLUtilities.m */,
				ABE3318119A21F6D00822694 /* GTMHTTPFetcher.h */,
				ABE3318219A21F6D00822694 /* GTMHTTPFetcher.m */,
				ABE3318319A21F6D00822694 /* GTMHTTPFetcherLogging.h */,
				ABE3318419A21F6D00822694 /* GTMHTTPFetcherLogging.m */,
				ABE3318519A21F6D00822694 /* GTMHTTPFetcherService.h */,
				ABE3318619A21F6D00822694 /* GTMHTTPFetcherService.m */,
				ABE3318719A21F6D00822694 /* GTMHTTPFetchHistory.h */,
				ABE3318819A21F6D00822694 /* GTMHTTPFetchHistory.m */,
			);
			path = GTL;
			sourceTree = "<group>";
		};
		ABE3319E19A24E2600822694 /* images */ = {
			isa = PBXGroup;
			children = (
				ABE331A519A26C3200822694 /* cerner-office.jpg */,
				ABE3319F19A24E4300822694 /* bg3.jpg */,
				ABE331A019A24E4300822694 /* bg4.png */,
				ABE331A119A24E4300822694 /* img1.jpg */,
			);
			name = images;
			sourceTree = "<group>";
		};
/* End PBXGroup section */

/* Begin PBXNativeTarget section */
		AB62A538199CD1C50084B20F /* RideMeHome */ = {
			isa = PBXNativeTarget;
			buildConfigurationList = AB62A56B199CD1C50084B20F /* Build configuration list for PBXNativeTarget "RideMeHome" */;
			buildPhases = (
				AB62A535199CD1C50084B20F /* Sources */,
				AB62A536199CD1C50084B20F /* Frameworks */,
				AB62A537199CD1C50084B20F /* Resources */,
			);
			buildRules = (
			);
			dependencies = (
			);
			name = RideMeHome;
			productName = RideMeHome;
			productReference = AB62A539199CD1C50084B20F /* RideMeHome.app */;
			productType = "com.apple.product-type.application";
		};
		AB62A559199CD1C50084B20F /* RideMeHomeTests */ = {
			isa = PBXNativeTarget;
			buildConfigurationList = AB62A56E199CD1C50084B20F /* Build configuration list for PBXNativeTarget "RideMeHomeTests" */;
			buildPhases = (
				AB62A556199CD1C50084B20F /* Sources */,
				AB62A557199CD1C50084B20F /* Frameworks */,
				AB62A558199CD1C50084B20F /* Resources */,
			);
			buildRules = (
			);
			dependencies = (
				AB62A560199CD1C50084B20F /* PBXTargetDependency */,
			);
			name = RideMeHomeTests;
			productName = RideMeHomeTests;
			productReference = AB62A55A199CD1C50084B20F /* RideMeHomeTests.xctest */;
			productType = "com.apple.product-type.bundle.unit-test";
		};
/* End PBXNativeTarget section */

/* Begin PBXProject section */
		AB62A531199CD1C50084B20F /* Project object */ = {
			isa = PBXProject;
			attributes = {
				LastUpgradeCheck = 0510;
				ORGANIZATIONNAME = AJ;
				TargetAttributes = {
					AB62A559199CD1C50084B20F = {
						TestTargetID = AB62A538199CD1C50084B20F;
					};
				};
			};
			buildConfigurationList = AB62A534199CD1C50084B20F /* Build configuration list for PBXProject "RideMeHome" */;
			compatibilityVersion = "Xcode 3.2";
			developmentRegion = English;
			hasScannedForEncodings = 0;
			knownRegions = (
				en,
				Base,
			);
			mainGroup = AB62A530199CD1C50084B20F;
			productRefGroup = AB62A53A199CD1C50084B20F /* Products */;
			projectDirPath = "";
			projectRoot = "";
			targets = (
				AB62A538199CD1C50084B20F /* RideMeHome */,
				AB62A559199CD1C50084B20F /* RideMeHomeTests */,
			);
		};
/* End PBXProject section */

/* Begin PBXResourcesBuildPhase section */
		AB62A537199CD1C50084B20F /* Resources */ = {
			isa = PBXResourcesBuildPhase;
			buildActionMask = 2147483647;
			files = (
				ABE3313319A1DD1800822694 /* LoginViewController.xib in Resources */,
				ABE3312419A1CEAB00822694 /* CarSelectionScreen.xib in Resources */,
				ABE331F319A351E200822694 /* passengerCell.xib in Resources */,
				ABE331EE19A350D300822694 /* PassengerRideRequestScreenViewController.xib in Resources */,
				ABC2ED9E199E501800AD3EE2 /* SignUpViewController.xib in Resources */,
				ABE331A319A24E4300822694 /* bg4.png in Resources */,
				ABB672CD19B6192F003D0CBE /* ic_drawer.png in Resources */,
				ABC2EDA3199E515300AD3EE2 /* SignUpScreen.xib in Resources */,
				ABC2ED98199E3C6200AD3EE2 /* RideMeHomeController.xib in Resources */,
				AB62A555199CD1C50084B20F /* Images.xcassets in Resources */,
				ABE331A419A24E4300822694 /* img1.jpg in Resources */,
				ABB672CC19B6192F003D0CBE /* h_line_b@2x.png in Resources */,
				ABE331A619A26C3200822694 /* cerner-office.jpg in Resources */,
				ABB672CE19B6192F003D0CBE /* ic_drawer@2x.png in Resources */,
				ABE3312919A1D35500822694 /* MyRequestsScreen.xib in Resources */,
				ABB672C619B610BF003D0CBE /* LeftTableViewCell.xib in Resources */,
				ABC2EDED199FA5B700AD3EE2 /* MyLocationScreenViewController.xib in Resources */,
				ABB672CB19B6192F003D0CBE /* h_line_b.png in Resources */,
				AB62A547199CD1C50084B20F /* InfoPlist.strings in Resources */,
				ABC2EDBA199EE9AE00AD3EE2 /* AddLocationScreen.xib in Resources */,
				ABE331A219A24E4300822694 /* bg3.jpg in Resources */,
				AB62A550199CD1C50084B20F /* Main.storyboard in Resources */,
				ABC2EE0419A0AD6C00AD3EE2 /* findacarScreenViewController.xib in Resources */,
				ABC2EDFC19A04CC100AD3EE2 /* MoreDetailsScreen.xib in Resources */,
				ABC2EDE8199F53B300AD3EE2 /* GoogleMaps.bundle in Resources */,
				ABC2EDF2199FBA5A00AD3EE2 /* CarPoolViewController.xib in Resources */,
				ABB672C119B60940003D0CBE /* defaultPerson.png in Resources */,
				ABE3312E19A1D3C800822694 /* RequestCell.xib in Resources */,
			);
			runOnlyForDeploymentPostprocessing = 0;
		};
		AB62A558199CD1C50084B20F /* Resources */ = {
			isa = PBXResourcesBuildPhase;
			buildActionMask = 2147483647;
			files = (
				AB62A566199CD1C50084B20F /* InfoPlist.strings in Resources */,
			);
			runOnlyForDeploymentPostprocessing = 0;
		};
/* End PBXResourcesBuildPhase section */

/* Begin PBXSourcesBuildPhase section */
		AB62A535199CD1C50084B20F /* Sources */ = {
			isa = PBXSourcesBuildPhase;
			buildActionMask = 2147483647;
			files = (
				ABE3314819A1DD5F00822694 /* AFHTTPRequestOperation.m in Sources */,
				ABC2EDFB19A04CC100AD3EE2 /* MoreDetailsScreen.m in Sources */,
				ABE3319B19A21F6D00822694 /* GTMHTTPFetcherLogging.m in Sources */,
				ABE331E919A31C5400822694 /* GTLServicePassengerendpoint.m in Sources */,
				ABE3312D19A1D3C800822694 /* RequestCell.m in Sources */,
				ABE331CF19A2919A00822694 /* GTLCarpoolendpointCarPoolCollection.m in Sources */,
				ABC2EE0319A0AD6C00AD3EE2 /* findacarScreenViewController.m in Sources */,
				ABC2EDB1199EE85000AD3EE2 /* Utilities.m in Sources */,
				ABC2EDF1199FBA5A00AD3EE2 /* CarPoolViewController.m in Sources */,
				ABC2EDBE199EEF1F00AD3EE2 /* geocoders.m in Sources */,
				ABE3319519A21F6D00822694 /* GTLRuntimeCommon.m in Sources */,
				ABE3314A19A1DD5F00822694 /* AFHTTPSessionManager.m in Sources */,
				ABE331D419A2919A00822694 /* GTLServiceCarpoolendpoint.m in Sources */,
				ABE3312319A1CEAB00822694 /* CarSelectionScreen.m in Sources */,
				ABE3318E19A21F6D00822694 /* GTLDateTime.m in Sources */,
				ABE331E619A31C5400822694 /* GTLPassengerendpointPassenger.m in Sources */,
				ABE3319D19A21F6D00822694 /* GTMHTTPFetchHistory.m in Sources */,
				ABE3315A19A1DD8200822694 /* Response.m in Sources */,
				ABE331BD19A27E4000822694 /* GTLServiceLocationendpoint.m in Sources */,
				ABE3313219A1DD1800822694 /* LoginViewController.m in Sources */,
				ABE3319719A21F6D00822694 /* GTLServiceAssociateendpoint.m in Sources */,
				ABE331ED19A350D300822694 /* PassengerRideRequestScreenViewController.m in Sources */,
				ABE3314B19A1DD5F00822694 /* AFNetworkReachabilityManager.m in Sources */,
				ABE3315019A1DD5F00822694 /* AFURLSessionManager.m in Sources */,
				ABE3319019A21F6D00822694 /* GTLFramework.m in Sources */,
				ABE331BA19A27E4000822694 /* GTLLocationendpointLocation.m in Sources */,
				ABC2EDFF19A04F9F00AD3EE2 /* userDataObj.m in Sources */,
				ABE3318F19A21F6D00822694 /* GTLErrorObject.m in Sources */,
				ABE331E719A31C5400822694 /* GTLPassengerendpointPassengerCollection.m in Sources */,
				ABE331CE19A2919A00822694 /* GTLCarpoolendpointCarPool.m in Sources */,
				ABE331BC19A27E4000822694 /* GTLQueryLocationendpoint.m in Sources */,
				ABE3315919A1DD8200822694 /* Request.m in Sources */,
				ABE331D019A2919A00822694 /* GTLCarpoolendpointCollectionResponseCarPool.m in Sources */,
				ABE3318D19A21F6D00822694 /* GTLBatchResult.m in Sources */,
				ABC2EDEC199FA5B700AD3EE2 /* MyLocationScreenViewController.m in Sources */,
				ABE3318919A21F6D00822694 /* GTLAssociateendpointAssociate.m in Sources */,
				ABE3314D19A1DD5F00822694 /* AFURLConnectionOperation.m in Sources */,
				ABE3319919A21F6D00822694 /* GTLUtilities.m in Sources */,
				ABE3319419A21F6D00822694 /* GTLQueryAssociateendpoint.m in Sources */,
				ABE3314F19A1DD5F00822694 /* AFURLResponseSerialization.m in Sources */,
				ABE3318C19A21F6D00822694 /* GTLBatchQuery.m in Sources */,
				ABE3319819A21F6D00822694 /* GTLUploadParameters.m in Sources */,
				ABE331B819A27E4000822694 /* GTLLocationendpointCollectionResponseLocation.m in Sources */,
				AB62A54D199CD1C50084B20F /* AppDelegate.m in Sources */,
				ABE3314E19A1DD5F00822694 /* AFURLRequestSerialization.m in Sources */,
				ABE3319319A21F6D00822694 /* GTLQuery.m in Sources */,
				ABE3318A19A21F6D00822694 /* GTLAssociateendpointCollectionResponseAssociate.m in Sources */,
				ABC2EDA2199E515300AD3EE2 /* SignUpScreen.m in Sources */,
				ABE331F219A351E200822694 /* passengerCell.m in Sources */,
				ABE331D319A2919A00822694 /* GTLQueryCarpoolendpoint.m in Sources */,
				ABE3319619A21F6D00822694 /* GTLService.m in Sources */,
				AB62A549199CD1C50084B20F /* main.m in Sources */,
				ABE3319219A21F6D00822694 /* GTLObject.m in Sources */,
				ABC2ED9D199E501800AD3EE2 /* SignUpViewController.m in Sources */,
				ABC2ED97199E3C6200AD3EE2 /* RideMeHomeController.m in Sources */,
				ABE331E519A31C5400822694 /* GTLPassengerendpointConstants.m in Sources */,
				ABC2EDB9199EE9AE00AD3EE2 /* AddLocationScreen.m in Sources */,
				ABE331D119A2919A00822694 /* GTLCarpoolendpointConstants.m in Sources */,
				ABE3318B19A21F6D00822694 /* GTLAssociateendpointConstants.m in Sources */,
				ABE3314919A1DD5F00822694 /* AFHTTPRequestOperationManager.m in Sources */,
				ABE331BB19A27E4000822694 /* GTLLocationendpointLocationCollection.m in Sources */,
				ABE3319C19A21F6D00822694 /* GTMHTTPFetcherService.m in Sources */,
				ABB672C519B610BF003D0CBE /* LeftTableViewCell.m in Sources */,
				ABE331E819A31C5400822694 /* GTLQueryPassengerendpoint.m in Sources */,
				ABE3319119A21F6D00822694 /* GTLJSONParser.m in Sources */,
				ABE331B919A27E4000822694 /* GTLLocationendpointConstants.m in Sources */,
				ABE3314C19A1DD5F00822694 /* AFSecurityPolicy.m in Sources */,
				ABE3315819A1DD8200822694 /* NetworkController.m in Sources */,
				ABE3319A19A21F6D00822694 /* GTMHTTPFetcher.m in Sources */,
				ABE3312819A1D35500822694 /* MyRequestsScreen.m in Sources */,
				ABE331E419A31C5400822694 /* GTLPassengerendpointCollectionResponsePassenger.m in Sources */,
			);
			runOnlyForDeploymentPostprocessing = 0;
		};
		AB62A556199CD1C50084B20F /* Sources */ = {
			isa = PBXSourcesBuildPhase;
			buildActionMask = 2147483647;
			files = (
				AB62A568199CD1C50084B20F /* RideMeHomeTests.m in Sources */,
			);
			runOnlyForDeploymentPostprocessing = 0;
		};
/* End PBXSourcesBuildPhase section */

/* Begin PBXTargetDependency section */
		AB62A560199CD1C50084B20F /* PBXTargetDependency */ = {
			isa = PBXTargetDependency;
			target = AB62A538199CD1C50084B20F /* RideMeHome */;
			targetProxy = AB62A55F199CD1C50084B20F /* PBXContainerItemProxy */;
		};
/* End PBXTargetDependency section */

/* Begin PBXVariantGroup section */
		AB62A545199CD1C50084B20F /* InfoPlist.strings */ = {
			isa = PBXVariantGroup;
			children = (
				AB62A546199CD1C50084B20F /* en */,
			);
			name = InfoPlist.strings;
			sourceTree = "<group>";
		};
		AB62A54E199CD1C50084B20F /* Main.storyboard */ = {
			isa = PBXVariantGroup;
			children = (
				AB62A54F199CD1C50084B20F /* Base */,
			);
			name = Main.storyboard;
			sourceTree = "<group>";
		};
		AB62A564199CD1C50084B20F /* InfoPlist.strings */ = {
			isa = PBXVariantGroup;
			children = (
				AB62A565199CD1C50084B20F /* en */,
			);
			name = InfoPlist.strings;
			sourceTree = "<group>";
		};
/* End PBXVariantGroup section */

/* Begin XCBuildConfiguration section */
		AB62A569199CD1C50084B20F /* Debug */ = {
			isa = XCBuildConfiguration;
			buildSettings = {
				ALWAYS_SEARCH_USER_PATHS = NO;
				CLANG_CXX_LANGUAGE_STANDARD = "gnu++0x";
				CLANG_CXX_LIBRARY = "libc++";
				CLANG_ENABLE_MODULES = YES;
				CLANG_ENABLE_OBJC_ARC = YES;
				CLANG_WARN_BOOL_CONVERSION = YES;
				CLANG_WARN_CONSTANT_CONVERSION = YES;
				CLANG_WARN_DIRECT_OBJC_ISA_USAGE = YES_ERROR;
				CLANG_WARN_EMPTY_BODY = YES;
				CLANG_WARN_ENUM_CONVERSION = YES;
				CLANG_WARN_INT_CONVERSION = YES;
				CLANG_WARN_OBJC_ROOT_CLASS = YES_ERROR;
				CLANG_WARN__DUPLICATE_METHOD_MATCH = YES;
				"CODE_SIGN_IDENTITY[sdk=iphoneos*]" = "iPhone Developer";
				COPY_PHASE_STRIP = NO;
				GCC_C_LANGUAGE_STANDARD = gnu99;
				GCC_DYNAMIC_NO_PIC = NO;
				GCC_OPTIMIZATION_LEVEL = 0;
				GCC_PREPROCESSOR_DEFINITIONS = (
					"DEBUG=1",
					"$(inherited)",
				);
				GCC_SYMBOLS_PRIVATE_EXTERN = NO;
				GCC_WARN_64_TO_32_BIT_CONVERSION = YES;
				GCC_WARN_ABOUT_RETURN_TYPE = YES_ERROR;
				GCC_WARN_UNDECLARED_SELECTOR = YES;
				GCC_WARN_UNINITIALIZED_AUTOS = YES_AGGRESSIVE;
				GCC_WARN_UNUSED_FUNCTION = YES;
				GCC_WARN_UNUSED_VARIABLE = YES;
				IPHONEOS_DEPLOYMENT_TARGET = 7.1;
				ONLY_ACTIVE_ARCH = YES;
				SDKROOT = iphoneos;
			};
			name = Debug;
		};
		AB62A56A199CD1C50084B20F /* Release */ = {
			isa = XCBuildConfiguration;
			buildSettings = {
				ALWAYS_SEARCH_USER_PATHS = NO;
				CLANG_CXX_LANGUAGE_STANDARD = "gnu++0x";
				CLANG_CXX_LIBRARY = "libc++";
				CLANG_ENABLE_MODULES = YES;
				CLANG_ENABLE_OBJC_ARC = YES;
				CLANG_WARN_BOOL_CONVERSION = YES;
				CLANG_WARN_CONSTANT_CONVERSION = YES;
				CLANG_WARN_DIRECT_OBJC_ISA_USAGE = YES_ERROR;
				CLANG_WARN_EMPTY_BODY = YES;
				CLANG_WARN_ENUM_CONVERSION = YES;
				CLANG_WARN_INT_CONVERSION = YES;
				CLANG_WARN_OBJC_ROOT_CLASS = YES_ERROR;
				CLANG_WARN__DUPLICATE_METHOD_MATCH = YES;
				"CODE_SIGN_IDENTITY[sdk=iphoneos*]" = "iPhone Developer";
				COPY_PHASE_STRIP = YES;
				ENABLE_NS_ASSERTIONS = NO;
				GCC_C_LANGUAGE_STANDARD = gnu99;
				GCC_WARN_64_TO_32_BIT_CONVERSION = YES;
				GCC_WARN_ABOUT_RETURN_TYPE = YES_ERROR;
				GCC_WARN_UNDECLARED_SELECTOR = YES;
				GCC_WARN_UNINITIALIZED_AUTOS = YES_AGGRESSIVE;
				GCC_WARN_UNUSED_FUNCTION = YES;
				GCC_WARN_UNUSED_VARIABLE = YES;
				IPHONEOS_DEPLOYMENT_TARGET = 7.1;
				SDKROOT = iphoneos;
				VALIDATE_PRODUCT = YES;
			};
			name = Release;
		};
		AB62A56C199CD1C50084B20F /* Debug */ = {
			isa = XCBuildConfiguration;
			buildSettings = {
				ARCHS = "$(ARCHS_STANDARD)";
				ASSETCATALOG_COMPILER_APPICON_NAME = AppIcon;
				ASSETCATALOG_COMPILER_LAUNCHIMAGE_NAME = LaunchImage;
				CODE_SIGN_IDENTITY = "iPhone Distribution: mPortal, Inc.";
				FRAMEWORK_SEARCH_PATHS = (
					"$(inherited)",
					"/Users/ajithkumar/Desktop/workspaces/DevConWorkspace/IOS/AppChallenge/GoogleMaps-iOS-1.8.1",
					"$(PROJECT_DIR)",
					"/Users/ajithkumar/Downloads/GoogleMaps-iOS-1.8.1",
				);
				GCC_PRECOMPILE_PREFIX_HEADER = YES;
				GCC_PREFIX_HEADER = "RideMeHome/RideMeHome-Prefix.pch";
				INFOPLIST_FILE = "RideMeHome/RideMeHome-Info.plist";
				ONLY_ACTIVE_ARCH = NO;
				OTHER_LDFLAGS = "-ObjC";
				PRODUCT_NAME = "$(TARGET_NAME)";
				PROVISIONING_PROFILE = "6994E490-437E-4387-BF17-852B59D72702";
				VALID_ARCHS = armv7;
				WRAPPER_EXTENSION = app;
			};
			name = Debug;
		};
		AB62A56D199CD1C50084B20F /* Release */ = {
			isa = XCBuildConfiguration;
			buildSettings = {
				ARCHS = "$(ARCHS_STANDARD)";
				ASSETCATALOG_COMPILER_APPICON_NAME = AppIcon;
				ASSETCATALOG_COMPILER_LAUNCHIMAGE_NAME = LaunchImage;
				CODE_SIGN_IDENTITY = "iPhone Distribution: mPortal, Inc.";
				FRAMEWORK_SEARCH_PATHS = (
					"$(inherited)",
					"/Users/ajithkumar/Desktop/workspaces/DevConWorkspace/IOS/AppChallenge/GoogleMaps-iOS-1.8.1",
					"$(PROJECT_DIR)",
					"/Users/ajithkumar/Downloads/GoogleMaps-iOS-1.8.1",
				);
				GCC_PRECOMPILE_PREFIX_HEADER = YES;
				GCC_PREFIX_HEADER = "RideMeHome/RideMeHome-Prefix.pch";
				INFOPLIST_FILE = "RideMeHome/RideMeHome-Info.plist";
				ONLY_ACTIVE_ARCH = NO;
				OTHER_LDFLAGS = "-ObjC";
				PRODUCT_NAME = "$(TARGET_NAME)";
				PROVISIONING_PROFILE = "6994E490-437E-4387-BF17-852B59D72702";
				VALID_ARCHS = armv7;
				WRAPPER_EXTENSION = app;
			};
			name = Release;
		};
		AB62A56F199CD1C50084B20F /* Debug */ = {
			isa = XCBuildConfiguration;
			buildSettings = {
				BUNDLE_LOADER = "$(BUILT_PRODUCTS_DIR)/RideMeHome.app/RideMeHome";
				FRAMEWORK_SEARCH_PATHS = (
					"$(SDKROOT)/Developer/Library/Frameworks",
					"$(inherited)",
					"$(DEVELOPER_FRAMEWORKS_DIR)",
				);
				GCC_PRECOMPILE_PREFIX_HEADER = YES;
				GCC_PREFIX_HEADER = "RideMeHome/RideMeHome-Prefix.pch";
				GCC_PREPROCESSOR_DEFINITIONS = (
					"DEBUG=1",
					"$(inherited)",
				);
				INFOPLIST_FILE = "RideMeHomeTests/RideMeHomeTests-Info.plist";
				PRODUCT_NAME = "$(TARGET_NAME)";
				TEST_HOST = "$(BUNDLE_LOADER)";
				WRAPPER_EXTENSION = xctest;
			};
			name = Debug;
		};
		AB62A570199CD1C50084B20F /* Release */ = {
			isa = XCBuildConfiguration;
			buildSettings = {
				BUNDLE_LOADER = "$(BUILT_PRODUCTS_DIR)/RideMeHome.app/RideMeHome";
				FRAMEWORK_SEARCH_PATHS = (
					"$(SDKROOT)/Developer/Library/Frameworks",
					"$(inherited)",
					"$(DEVELOPER_FRAMEWORKS_DIR)",
				);
				GCC_PRECOMPILE_PREFIX_HEADER = YES;
				GCC_PREFIX_HEADER = "RideMeHome/RideMeHome-Prefix.pch";
				INFOPLIST_FILE = "RideMeHomeTests/RideMeHomeTests-Info.plist";
				PRODUCT_NAME = "$(TARGET_NAME)";
				TEST_HOST = "$(BUNDLE_LOADER)";
				WRAPPER_EXTENSION = xctest;
			};
			name = Release;
		};
/* End XCBuildConfiguration section */

/* Begin XCConfigurationList section */
		AB62A534199CD1C50084B20F /* Build configuration list for PBXProject "RideMeHome" */ = {
			isa = XCConfigurationList;
			buildConfigurations = (
				AB62A569199CD1C50084B20F /* Debug */,
				AB62A56A199CD1C50084B20F /* Release */,
			);
			defaultConfigurationIsVisible = 0;
			defaultConfigurationName = Release;
		};
		AB62A56B199CD1C50084B20F /* Build configuration list for PBXNativeTarget "RideMeHome" */ = {
			isa = XCConfigurationList;
			buildConfigurations = (
				AB62A56C199CD1C50084B20F /* Debug */,
				AB62A56D199CD1C50084B20F /* Release */,
			);
			defaultConfigurationIsVisible = 0;
			defaultConfigurationName = Release;
		};
		AB62A56E199CD1C50084B20F /* Build configuration list for PBXNativeTarget "RideMeHomeTests" */ = {
			isa = XCConfigurationList;
			buildConfigurations = (
				AB62A56F199CD1C50084B20F /* Debug */,
				AB62A570199CD1C50084B20F /* Release */,
			);
			defaultConfigurationIsVisible = 0;
			defaultConfigurationName = Release;
		};
/* End XCConfigurationList section */
	};
	rootObject = AB62A531199CD1C50084B20F /* Project object */;
}
